{
    "version": 3,
    "terraform_version": "0.11.10",
    "serial": 2,
    "lineage": "0240960d-ef03-73a7-5ad1-0dcd2895da32",
    "modules": [
        {
            "path": [
                "root"
            ],
            "outputs": {},
            "resources": {
                "aws_ami_copy.main": {
                    "type": "aws_ami_copy",
                    "depends_on": [
                        "local.tags"
                    ],
                    "primary": {
                        "id": "ami-0bcbb3c49e4b44046",
                        "attributes": {
                            "architecture": "x86_64",
                            "description": "OpenShift 4 410.8.20190520.0",
                            "ebs_block_device.#": "1",
                            "ebs_block_device.888423600.delete_on_termination": "true",
                            "ebs_block_device.888423600.device_name": "/dev/xvda",
                            "ebs_block_device.888423600.encrypted": "true",
                            "ebs_block_device.888423600.iops": "0",
                            "ebs_block_device.888423600.snapshot_id": "snap-01367daa7d7d884c6",
                            "ebs_block_device.888423600.volume_size": "16",
                            "ebs_block_device.888423600.volume_type": "gp2",
                            "ena_support": "true",
                            "encrypted": "true",
                            "ephemeral_block_device.#": "1",
                            "ephemeral_block_device.3043895074.device_name": "/dev/xvdb",
                            "ephemeral_block_device.3043895074.virtual_name": "ephemeral0",
                            "id": "ami-0bcbb3c49e4b44046",
                            "image_location": "690566824149/ipi-cluster-f9z8z-master",
                            "kernel_id": "",
                            "manage_ebs_snapshots": "true",
                            "name": "ipi-cluster-f9z8z-master",
                            "ramdisk_id": "",
                            "root_device_name": "/dev/xvda",
                            "root_snapshot_id": "snap-01367daa7d7d884c6",
                            "source_ami_id": "ami-053073b95aa285347",
                            "source_ami_region": "eu-west-2",
                            "sriov_net_support": "simple",
                            "tags.%": "4",
                            "tags.Name": "ipi-cluster-f9z8z-master",
                            "tags.kubernetes.io/cluster/ipi-cluster-f9z8z": "owned",
                            "tags.sourceAMI": "ami-053073b95aa285347",
                            "tags.sourceRegion": "eu-west-2",
                            "virtualization_type": "hvm"
                        },
                        "meta": {
                            "e2bfb730-ecaa-11e6-8f88-34363bc7c4c0": {
                                "create": 2400000000000,
                                "delete": 5400000000000,
                                "update": 2400000000000
                            }
                        },
                        "tainted": false
                    },
                    "deposed": [],
                    "provider": "provider.aws"
                }
            },
            "depends_on": []
        },
        {
            "path": [
                "root",
                "bootstrap"
            ],
            "outputs": {},
            "resources": {},
            "depends_on": []
        },
        {
            "path": [
                "root",
                "dns"
            ],
            "outputs": {},
            "resources": {
                "aws_route53_record.api_external": {
                    "type": "aws_route53_record",
                    "depends_on": [
                        "data.aws_route53_zone.public"
                    ],
                    "primary": {
                        "id": "Z1Q6BEC9SEE4GD_api.ipi-cluster.awscloudops.co.uk_A",
                        "attributes": {
                            "alias.#": "1",
                            "alias.3817143312.evaluate_target_health": "false",
                            "alias.3817143312.name": "ipi-cluster-f9z8z-ext-1b55ba7539ccef58.elb.eu-west-2.amazonaws.com",
                            "alias.3817143312.zone_id": "ZD4D7Y8KGAS4G",
                            "fqdn": "api.ipi-cluster.awscloudops.co.uk",
                            "id": "Z1Q6BEC9SEE4GD_api.ipi-cluster.awscloudops.co.uk_A",
                            "name": "api.ipi-cluster.awscloudops.co.uk",
                            "type": "A",
                            "zone_id": "Z1Q6BEC9SEE4GD"
                        },
                        "meta": {
                            "schema_version": "2"
                        },
                        "tainted": false
                    },
                    "deposed": [],
                    "provider": "provider.aws"
                },
                "aws_route53_record.api_external_internal_zone": {
                    "type": "aws_route53_record",
                    "depends_on": [
                        "aws_route53_zone.int"
                    ],
                    "primary": {
                        "id": "Z0695590JRI9PNGTUN1L_api.ipi-cluster.awscloudops.co.uk_A",
                        "attributes": {
                            "alias.#": "1",
                            "alias.1498476895.evaluate_target_health": "false",
                            "alias.1498476895.name": "ipi-cluster-f9z8z-int-2ae68dfa57847ba4.elb.eu-west-2.amazonaws.com",
                            "alias.1498476895.zone_id": "ZD4D7Y8KGAS4G",
                            "fqdn": "api.ipi-cluster.awscloudops.co.uk",
                            "id": "Z0695590JRI9PNGTUN1L_api.ipi-cluster.awscloudops.co.uk_A",
                            "name": "api.ipi-cluster.awscloudops.co.uk",
                            "type": "A",
                            "zone_id": "Z0695590JRI9PNGTUN1L"
                        },
                        "meta": {
                            "schema_version": "2"
                        },
                        "tainted": false
                    },
                    "deposed": [],
                    "provider": "provider.aws"
                },
                "aws_route53_record.api_internal": {
                    "type": "aws_route53_record",
                    "depends_on": [
                        "aws_route53_zone.int"
                    ],
                    "primary": {
                        "id": "Z0695590JRI9PNGTUN1L_api-int.ipi-cluster.awscloudops.co.uk_A",
                        "attributes": {
                            "alias.#": "1",
                            "alias.1498476895.evaluate_target_health": "false",
                            "alias.1498476895.name": "ipi-cluster-f9z8z-int-2ae68dfa57847ba4.elb.eu-west-2.amazonaws.com",
                            "alias.1498476895.zone_id": "ZD4D7Y8KGAS4G",
                            "fqdn": "api-int.ipi-cluster.awscloudops.co.uk",
                            "id": "Z0695590JRI9PNGTUN1L_api-int.ipi-cluster.awscloudops.co.uk_A",
                            "name": "api-int.ipi-cluster.awscloudops.co.uk",
                            "type": "A",
                            "zone_id": "Z0695590JRI9PNGTUN1L"
                        },
                        "meta": {
                            "schema_version": "2"
                        },
                        "tainted": false
                    },
                    "deposed": [],
                    "provider": "provider.aws"
                },
                "aws_route53_record.etcd_a_nodes.0": {
                    "type": "aws_route53_record",
                    "depends_on": [
                        "aws_route53_zone.int"
                    ],
                    "primary": {
                        "id": "Z0695590JRI9PNGTUN1L_etcd-0.ipi-cluster.awscloudops.co.uk_A",
                        "attributes": {
                            "fqdn": "etcd-0.ipi-cluster.awscloudops.co.uk",
                            "id": "Z0695590JRI9PNGTUN1L_etcd-0.ipi-cluster.awscloudops.co.uk_A",
                            "name": "etcd-0.ipi-cluster.awscloudops.co.uk",
                            "records.#": "1",
                            "records.4085149017": "10.0.136.213",
                            "ttl": "60",
                            "type": "A",
                            "zone_id": "Z0695590JRI9PNGTUN1L"
                        },
                        "meta": {
                            "schema_version": "2"
                        },
                        "tainted": false
                    },
                    "deposed": [],
                    "provider": "provider.aws"
                },
                "aws_route53_record.etcd_a_nodes.1": {
                    "type": "aws_route53_record",
                    "depends_on": [
                        "aws_route53_zone.int"
                    ],
                    "primary": {
                        "id": "Z0695590JRI9PNGTUN1L_etcd-1.ipi-cluster.awscloudops.co.uk_A",
                        "attributes": {
                            "fqdn": "etcd-1.ipi-cluster.awscloudops.co.uk",
                            "id": "Z0695590JRI9PNGTUN1L_etcd-1.ipi-cluster.awscloudops.co.uk_A",
                            "name": "etcd-1.ipi-cluster.awscloudops.co.uk",
                            "records.#": "1",
                            "records.780067055": "10.0.147.250",
                            "ttl": "60",
                            "type": "A",
                            "zone_id": "Z0695590JRI9PNGTUN1L"
                        },
                        "meta": {
                            "schema_version": "2"
                        },
                        "tainted": false
                    },
                    "deposed": [],
                    "provider": "provider.aws"
                },
                "aws_route53_record.etcd_a_nodes.2": {
                    "type": "aws_route53_record",
                    "depends_on": [
                        "aws_route53_zone.int"
                    ],
                    "primary": {
                        "id": "Z0695590JRI9PNGTUN1L_etcd-2.ipi-cluster.awscloudops.co.uk_A",
                        "attributes": {
                            "fqdn": "etcd-2.ipi-cluster.awscloudops.co.uk",
                            "id": "Z0695590JRI9PNGTUN1L_etcd-2.ipi-cluster.awscloudops.co.uk_A",
                            "name": "etcd-2.ipi-cluster.awscloudops.co.uk",
                            "records.#": "1",
                            "records.1706685730": "10.0.163.18",
                            "ttl": "60",
                            "type": "A",
                            "zone_id": "Z0695590JRI9PNGTUN1L"
                        },
                        "meta": {
                            "schema_version": "2"
                        },
                        "tainted": false
                    },
                    "deposed": [],
                    "provider": "provider.aws"
                },
                "aws_route53_record.etcd_cluster": {
                    "type": "aws_route53_record",
                    "depends_on": [
                        "aws_route53_record.etcd_a_nodes.*",
                        "aws_route53_zone.int"
                    ],
                    "primary": {
                        "id": "Z0695590JRI9PNGTUN1L__etcd-server-ssl._tcp_SRV",
                        "attributes": {
                            "fqdn": "_etcd-server-ssl._tcp.ipi-cluster.awscloudops.co.uk",
                            "id": "Z0695590JRI9PNGTUN1L__etcd-server-ssl._tcp_SRV",
                            "name": "_etcd-server-ssl._tcp",
                            "records.#": "3",
                            "records.2817391469": "0 10 2380 etcd-2.ipi-cluster.awscloudops.co.uk",
                            "records.3032859166": "0 10 2380 etcd-1.ipi-cluster.awscloudops.co.uk",
                            "records.3122801359": "0 10 2380 etcd-0.ipi-cluster.awscloudops.co.uk",
                            "ttl": "60",
                            "type": "SRV",
                            "zone_id": "Z0695590JRI9PNGTUN1L"
                        },
                        "meta": {
                            "schema_version": "2"
                        },
                        "tainted": false
                    },
                    "deposed": [],
                    "provider": "provider.aws"
                },
                "aws_route53_zone.int": {
                    "type": "aws_route53_zone",
                    "depends_on": [
                        "aws_route53_record.api_external"
                    ],
                    "primary": {
                        "id": "Z0695590JRI9PNGTUN1L",
                        "attributes": {
                            "comment": "Managed by Terraform",
                            "delegation_set_id": "",
                            "force_destroy": "true",
                            "id": "Z0695590JRI9PNGTUN1L",
                            "name": "ipi-cluster.awscloudops.co.uk.",
                            "name_servers.#": "4",
                            "name_servers.0": "ns-0.awsdns-00.com.",
                            "name_servers.1": "ns-1024.awsdns-00.org.",
                            "name_servers.2": "ns-1536.awsdns-00.co.uk.",
                            "name_servers.3": "ns-512.awsdns-00.net.",
                            "tags.%": "2",
                            "tags.Name": "ipi-cluster-f9z8z-int",
                            "tags.kubernetes.io/cluster/ipi-cluster-f9z8z": "owned",
                            "vpc.#": "1",
                            "vpc.2538640466.vpc_id": "vpc-0e695d44212020915",
                            "vpc.2538640466.vpc_region": "eu-west-2",
                            "zone_id": "Z0695590JRI9PNGTUN1L"
                        },
                        "meta": {},
                        "tainted": false
                    },
                    "deposed": [],
                    "provider": "provider.aws"
                },
                "data.aws_route53_zone.public": {
                    "type": "aws_route53_zone",
                    "depends_on": [],
                    "primary": {
                        "id": "Z1Q6BEC9SEE4GD",
                        "attributes": {
                            "caller_reference": "056FF6DF-6855-D6D9-ACD8-780DC9B5E012",
                            "comment": "",
                            "id": "Z1Q6BEC9SEE4GD",
                            "name": "awscloudops.co.uk.",
                            "name_servers.#": "4",
                            "name_servers.0": "ns-1804.awsdns-33.co.uk",
                            "name_servers.1": "ns-959.awsdns-55.net",
                            "name_servers.2": "ns-418.awsdns-52.com",
                            "name_servers.3": "ns-1488.awsdns-58.org",
                            "private_zone": "false",
                            "resource_record_set_count": "4",
                            "zone_id": "Z1Q6BEC9SEE4GD"
                        },
                        "meta": {},
                        "tainted": false
                    },
                    "deposed": [],
                    "provider": "provider.aws"
                }
            },
            "depends_on": []
        },
        {
            "path": [
                "root",
                "iam"
            ],
            "outputs": {},
            "resources": {
                "aws_iam_instance_profile.worker": {
                    "type": "aws_iam_instance_profile",
                    "depends_on": [
                        "aws_iam_role.worker_role"
                    ],
                    "primary": {
                        "id": "ipi-cluster-f9z8z-worker-profile",
                        "attributes": {
                            "arn": "arn:aws:iam::690566824149:instance-profile/ipi-cluster-f9z8z-worker-profile",
                            "create_date": "2019-09-10T11:13:33Z",
                            "id": "ipi-cluster-f9z8z-worker-profile",
                            "name": "ipi-cluster-f9z8z-worker-profile",
                            "path": "/",
                            "role": "ipi-cluster-f9z8z-worker-role",
                            "roles.#": "0",
                            "unique_id": "AIPA2BSH5QDKZWH6ET7MS"
                        },
                        "meta": {},
                        "tainted": false
                    },
                    "deposed": [],
                    "provider": "provider.aws"
                },
                "aws_iam_role.worker_role": {
                    "type": "aws_iam_role",
                    "depends_on": [],
                    "primary": {
                        "id": "ipi-cluster-f9z8z-worker-role",
                        "attributes": {
                            "arn": "arn:aws:iam::690566824149:role/ipi-cluster-f9z8z-worker-role",
                            "assume_role_policy": "{\"Version\":\"2012-10-17\",\"Statement\":[{\"Sid\":\"\",\"Effect\":\"Allow\",\"Principal\":{\"Service\":\"ec2.amazonaws.com\"},\"Action\":\"sts:AssumeRole\"}]}",
                            "create_date": "2019-09-10T11:13:32Z",
                            "description": "",
                            "force_detach_policies": "false",
                            "id": "ipi-cluster-f9z8z-worker-role",
                            "max_session_duration": "3600",
                            "name": "ipi-cluster-f9z8z-worker-role",
                            "path": "/",
                            "tags.%": "2",
                            "tags.Name": "ipi-cluster-f9z8z-worker-role",
                            "tags.kubernetes.io/cluster/ipi-cluster-f9z8z": "owned",
                            "unique_id": "AROA2BSH5QDK7UWHFEG2F"
                        },
                        "meta": {},
                        "tainted": false
                    },
                    "deposed": [],
                    "provider": "provider.aws"
                },
                "aws_iam_role_policy.worker_policy": {
                    "type": "aws_iam_role_policy",
                    "depends_on": [
                        "aws_iam_role.worker_role"
                    ],
                    "primary": {
                        "id": "ipi-cluster-f9z8z-worker-role:ipi-cluster-f9z8z-worker-policy",
                        "attributes": {
                            "id": "ipi-cluster-f9z8z-worker-role:ipi-cluster-f9z8z-worker-policy",
                            "name": "ipi-cluster-f9z8z-worker-policy",
                            "policy": "{\n  \"Version\": \"2012-10-17\",\n  \"Statement\": [\n    {\n      \"Effect\": \"Allow\",\n      \"Action\": \"ec2:Describe*\",\n      \"Resource\": \"*\"\n    }\n  ]\n}\n",
                            "role": "ipi-cluster-f9z8z-worker-role"
                        },
                        "meta": {},
                        "tainted": false
                    },
                    "deposed": [],
                    "provider": "provider.aws"
                }
            },
            "depends_on": []
        },
        {
            "path": [
                "root",
                "masters"
            ],
            "outputs": {
                "ip_addresses": {
                    "sensitive": false,
                    "type": "list",
                    "value": [
                        [
                            "10.0.136.213"
                        ],
                        [
                            "10.0.147.250"
                        ],
                        [
                            "10.0.163.18"
                        ]
                    ]
                }
            },
            "resources": {
                "aws_iam_instance_profile.master": {
                    "type": "aws_iam_instance_profile",
                    "depends_on": [
                        "aws_iam_role.master_role"
                    ],
                    "primary": {
                        "id": "ipi-cluster-f9z8z-master-profile",
                        "attributes": {
                            "arn": "arn:aws:iam::690566824149:instance-profile/ipi-cluster-f9z8z-master-profile",
                            "create_date": "2019-09-10T11:13:33Z",
                            "id": "ipi-cluster-f9z8z-master-profile",
                            "name": "ipi-cluster-f9z8z-master-profile",
                            "path": "/",
                            "role": "ipi-cluster-f9z8z-master-role",
                            "roles.#": "0",
                            "unique_id": "AIPA2BSH5QDKW66HK5IC6"
                        },
                        "meta": {},
                        "tainted": false
                    },
                    "deposed": [],
                    "provider": "provider.aws"
                },
                "aws_iam_role.master_role": {
                    "type": "aws_iam_role",
                    "depends_on": [],
                    "primary": {
                        "id": "ipi-cluster-f9z8z-master-role",
                        "attributes": {
                            "arn": "arn:aws:iam::690566824149:role/ipi-cluster-f9z8z-master-role",
                            "assume_role_policy": "{\"Version\":\"2012-10-17\",\"Statement\":[{\"Sid\":\"\",\"Effect\":\"Allow\",\"Principal\":{\"Service\":\"ec2.amazonaws.com\"},\"Action\":\"sts:AssumeRole\"}]}",
                            "create_date": "2019-09-10T11:13:32Z",
                            "description": "",
                            "force_detach_policies": "false",
                            "id": "ipi-cluster-f9z8z-master-role",
                            "max_session_duration": "3600",
                            "name": "ipi-cluster-f9z8z-master-role",
                            "path": "/",
                            "tags.%": "2",
                            "tags.Name": "ipi-cluster-f9z8z-master-role",
                            "tags.kubernetes.io/cluster/ipi-cluster-f9z8z": "owned",
                            "unique_id": "AROA2BSH5QDKUA4MXHGKH"
                        },
                        "meta": {},
                        "tainted": false
                    },
                    "deposed": [],
                    "provider": "provider.aws"
                },
                "aws_iam_role_policy.master_policy": {
                    "type": "aws_iam_role_policy",
                    "depends_on": [
                        "aws_iam_role.master_role",
                        "local.arn"
                    ],
                    "primary": {
                        "id": "ipi-cluster-f9z8z-master-role:ipi-cluster-f9z8z-master-policy",
                        "attributes": {
                            "id": "ipi-cluster-f9z8z-master-role:ipi-cluster-f9z8z-master-policy",
                            "name": "ipi-cluster-f9z8z-master-policy",
                            "policy": "{\n  \"Version\": \"2012-10-17\",\n  \"Statement\": [\n    {\n      \"Action\": \"ec2:*\",\n      \"Resource\": \"*\",\n      \"Effect\": \"Allow\"\n    },\n    {\n      \"Action\": \"iam:PassRole\",\n      \"Resource\": \"*\",\n      \"Effect\": \"Allow\"\n    },\n    {\n      \"Action\" : [\n        \"s3:GetObject\"\n      ],\n      \"Resource\": \"arn:aws:s3:::*\",\n      \"Effect\": \"Allow\"\n    },\n    {\n      \"Action\": \"elasticloadbalancing:*\",\n      \"Resource\": \"*\",\n      \"Effect\": \"Allow\"\n    }\n  ]\n}\n",
                            "role": "ipi-cluster-f9z8z-master-role"
                        },
                        "meta": {},
                        "tainted": false
                    },
                    "deposed": [],
                    "provider": "provider.aws"
                },
                "aws_instance.master.0": {
                    "type": "aws_instance",
                    "depends_on": [
                        "aws_iam_instance_profile.master",
                        "aws_network_interface.master.*"
                    ],
                    "primary": {
                        "id": "i-018fb287f29061962",
                        "attributes": {
                            "ami": "ami-0bcbb3c49e4b44046",
                            "arn": "arn:aws:ec2:eu-west-2:690566824149:instance/i-018fb287f29061962",
                            "associate_public_ip_address": "false",
                            "availability_zone": "eu-west-2a",
                            "cpu_core_count": "2",
                            "cpu_threads_per_core": "2",
                            "credit_specification.#": "1",
                            "credit_specification.0.cpu_credits": "standard",
                            "disable_api_termination": "false",
                            "ebs_block_device.#": "0",
                            "ebs_optimized": "false",
                            "ephemeral_block_device.#": "0",
                            "get_password_data": "false",
                            "iam_instance_profile": "ipi-cluster-f9z8z-master-profile",
                            "id": "i-018fb287f29061962",
                            "instance_state": "running",
                            "instance_type": "m4.xlarge",
                            "ipv6_addresses.#": "0",
                            "key_name": "",
                            "monitoring": "false",
                            "network_interface.#": "1",
                            "network_interface.2433082465.delete_on_termination": "false",
                            "network_interface.2433082465.device_index": "0",
                            "network_interface.2433082465.network_interface_id": "eni-06ce8a21e64fc91d7",
                            "password_data": "",
                            "placement_group": "",
                            "primary_network_interface_id": "eni-06ce8a21e64fc91d7",
                            "private_dns": "ip-10-0-136-213.eu-west-2.compute.internal",
                            "private_ip": "10.0.136.213",
                            "public_dns": "",
                            "public_ip": "",
                            "root_block_device.#": "1",
                            "root_block_device.0.delete_on_termination": "true",
                            "root_block_device.0.iops": "360",
                            "root_block_device.0.volume_id": "vol-022894c4d12342b7c",
                            "root_block_device.0.volume_size": "120",
                            "root_block_device.0.volume_type": "gp2",
                            "security_groups.#": "0",
                            "source_dest_check": "true",
                            "subnet_id": "subnet-08dad3e730884e30c",
                            "tags.%": "2",
                            "tags.Name": "ipi-cluster-f9z8z-master-0",
                            "tags.kubernetes.io/cluster/ipi-cluster-f9z8z": "owned",
                            "tenancy": "default",
                            "user_data": "3a57d26000a71e6e68ca1f4adec79b9cc98f8495",
                            "volume_tags.%": "2",
                            "volume_tags.Name": "ipi-cluster-f9z8z-master-0-vol",
                            "volume_tags.kubernetes.io/cluster/ipi-cluster-f9z8z": "owned",
                            "vpc_security_group_ids.#": "1",
                            "vpc_security_group_ids.257089267": "sg-051ab4ca4fc84bf16"
                        },
                        "meta": {
                            "e2bfb730-ecaa-11e6-8f88-34363bc7c4c0": {
                                "create": 600000000000,
                                "delete": 1200000000000,
                                "update": 600000000000
                            },
                            "schema_version": "1"
                        },
                        "tainted": false
                    },
                    "deposed": [],
                    "provider": "provider.aws"
                },
                "aws_instance.master.1": {
                    "type": "aws_instance",
                    "depends_on": [
                        "aws_iam_instance_profile.master",
                        "aws_network_interface.master.*"
                    ],
                    "primary": {
                        "id": "i-08874caffcaee7d53",
                        "attributes": {
                            "ami": "ami-0bcbb3c49e4b44046",
                            "arn": "arn:aws:ec2:eu-west-2:690566824149:instance/i-08874caffcaee7d53",
                            "associate_public_ip_address": "false",
                            "availability_zone": "eu-west-2b",
                            "cpu_core_count": "2",
                            "cpu_threads_per_core": "2",
                            "credit_specification.#": "1",
                            "credit_specification.0.cpu_credits": "standard",
                            "disable_api_termination": "false",
                            "ebs_block_device.#": "0",
                            "ebs_optimized": "false",
                            "ephemeral_block_device.#": "0",
                            "get_password_data": "false",
                            "iam_instance_profile": "ipi-cluster-f9z8z-master-profile",
                            "id": "i-08874caffcaee7d53",
                            "instance_state": "running",
                            "instance_type": "m4.xlarge",
                            "ipv6_addresses.#": "0",
                            "key_name": "",
                            "monitoring": "false",
                            "network_interface.#": "1",
                            "network_interface.1342609011.delete_on_termination": "false",
                            "network_interface.1342609011.device_index": "0",
                            "network_interface.1342609011.network_interface_id": "eni-03b61cb4fb0cfce59",
                            "password_data": "",
                            "placement_group": "",
                            "primary_network_interface_id": "eni-03b61cb4fb0cfce59",
                            "private_dns": "ip-10-0-147-250.eu-west-2.compute.internal",
                            "private_ip": "10.0.147.250",
                            "public_dns": "",
                            "public_ip": "",
                            "root_block_device.#": "1",
                            "root_block_device.0.delete_on_termination": "true",
                            "root_block_device.0.iops": "360",
                            "root_block_device.0.volume_id": "vol-0596846d4a227a2da",
                            "root_block_device.0.volume_size": "120",
                            "root_block_device.0.volume_type": "gp2",
                            "security_groups.#": "0",
                            "source_dest_check": "true",
                            "subnet_id": "subnet-0023b375af9113587",
                            "tags.%": "2",
                            "tags.Name": "ipi-cluster-f9z8z-master-1",
                            "tags.kubernetes.io/cluster/ipi-cluster-f9z8z": "owned",
                            "tenancy": "default",
                            "user_data": "3a57d26000a71e6e68ca1f4adec79b9cc98f8495",
                            "volume_tags.%": "2",
                            "volume_tags.Name": "ipi-cluster-f9z8z-master-1-vol",
                            "volume_tags.kubernetes.io/cluster/ipi-cluster-f9z8z": "owned",
                            "vpc_security_group_ids.#": "1",
                            "vpc_security_group_ids.257089267": "sg-051ab4ca4fc84bf16"
                        },
                        "meta": {
                            "e2bfb730-ecaa-11e6-8f88-34363bc7c4c0": {
                                "create": 600000000000,
                                "delete": 1200000000000,
                                "update": 600000000000
                            },
                            "schema_version": "1"
                        },
                        "tainted": false
                    },
                    "deposed": [],
                    "provider": "provider.aws"
                },
                "aws_instance.master.2": {
                    "type": "aws_instance",
                    "depends_on": [
                        "aws_iam_instance_profile.master",
                        "aws_network_interface.master.*"
                    ],
                    "primary": {
                        "id": "i-0b1c5ec803aa9723c",
                        "attributes": {
                            "ami": "ami-0bcbb3c49e4b44046",
                            "arn": "arn:aws:ec2:eu-west-2:690566824149:instance/i-0b1c5ec803aa9723c",
                            "associate_public_ip_address": "false",
                            "availability_zone": "eu-west-2c",
                            "cpu_core_count": "2",
                            "cpu_threads_per_core": "2",
                            "credit_specification.#": "1",
                            "credit_specification.0.cpu_credits": "standard",
                            "disable_api_termination": "false",
                            "ebs_block_device.#": "0",
                            "ebs_optimized": "false",
                            "ephemeral_block_device.#": "0",
                            "get_password_data": "false",
                            "iam_instance_profile": "ipi-cluster-f9z8z-master-profile",
                            "id": "i-0b1c5ec803aa9723c",
                            "instance_state": "running",
                            "instance_type": "m4.xlarge",
                            "ipv6_addresses.#": "0",
                            "key_name": "",
                            "monitoring": "false",
                            "network_interface.#": "1",
                            "network_interface.1910260040.delete_on_termination": "false",
                            "network_interface.1910260040.device_index": "0",
                            "network_interface.1910260040.network_interface_id": "eni-00a38730e3bb999bc",
                            "password_data": "",
                            "placement_group": "",
                            "primary_network_interface_id": "eni-00a38730e3bb999bc",
                            "private_dns": "ip-10-0-163-18.eu-west-2.compute.internal",
                            "private_ip": "10.0.163.18",
                            "public_dns": "",
                            "public_ip": "",
                            "root_block_device.#": "1",
                            "root_block_device.0.delete_on_termination": "true",
                            "root_block_device.0.iops": "360",
                            "root_block_device.0.volume_id": "vol-0949cc21cf9cdd038",
                            "root_block_device.0.volume_size": "120",
                            "root_block_device.0.volume_type": "gp2",
                            "security_groups.#": "0",
                            "source_dest_check": "true",
                            "subnet_id": "subnet-08e2c2cc57a34e8da",
                            "tags.%": "2",
                            "tags.Name": "ipi-cluster-f9z8z-master-2",
                            "tags.kubernetes.io/cluster/ipi-cluster-f9z8z": "owned",
                            "tenancy": "default",
                            "user_data": "3a57d26000a71e6e68ca1f4adec79b9cc98f8495",
                            "volume_tags.%": "2",
                            "volume_tags.Name": "ipi-cluster-f9z8z-master-2-vol",
                            "volume_tags.kubernetes.io/cluster/ipi-cluster-f9z8z": "owned",
                            "vpc_security_group_ids.#": "1",
                            "vpc_security_group_ids.257089267": "sg-051ab4ca4fc84bf16"
                        },
                        "meta": {
                            "e2bfb730-ecaa-11e6-8f88-34363bc7c4c0": {
                                "create": 600000000000,
                                "delete": 1200000000000,
                                "update": 600000000000
                            },
                            "schema_version": "1"
                        },
                        "tainted": false
                    },
                    "deposed": [],
                    "provider": "provider.aws"
                },
                "aws_lb_target_group_attachment.master.0": {
                    "type": "aws_lb_target_group_attachment",
                    "depends_on": [
                        "aws_instance.master.*"
                    ],
                    "primary": {
                        "id": "arn:aws:elasticloadbalancing:eu-west-2:690566824149:targetgroup/ipi-cluster-f9z8z-aint/f2e4575461e6c1e5-2019091012154095440000000a",
                        "attributes": {
                            "id": "arn:aws:elasticloadbalancing:eu-west-2:690566824149:targetgroup/ipi-cluster-f9z8z-aint/f2e4575461e6c1e5-2019091012154095440000000a",
                            "target_group_arn": "arn:aws:elasticloadbalancing:eu-west-2:690566824149:targetgroup/ipi-cluster-f9z8z-aint/f2e4575461e6c1e5",
                            "target_id": "10.0.136.213"
                        },
                        "meta": {},
                        "tainted": false
                    },
                    "deposed": [],
                    "provider": "provider.aws"
                },
                "aws_lb_target_group_attachment.master.1": {
                    "type": "aws_lb_target_group_attachment",
                    "depends_on": [
                        "aws_instance.master.*"
                    ],
                    "primary": {
                        "id": "arn:aws:elasticloadbalancing:eu-west-2:690566824149:targetgroup/ipi-cluster-f9z8z-sint/348c253d8ed22e91-2019091012154903050000000e",
                        "attributes": {
                            "id": "arn:aws:elasticloadbalancing:eu-west-2:690566824149:targetgroup/ipi-cluster-f9z8z-sint/348c253d8ed22e91-2019091012154903050000000e",
                            "target_group_arn": "arn:aws:elasticloadbalancing:eu-west-2:690566824149:targetgroup/ipi-cluster-f9z8z-sint/348c253d8ed22e91",
                            "target_id": "10.0.136.213"
                        },
                        "meta": {},
                        "tainted": false
                    },
                    "deposed": [],
                    "provider": "provider.aws"
                },
                "aws_lb_target_group_attachment.master.2": {
                    "type": "aws_lb_target_group_attachment",
                    "depends_on": [
                        "aws_instance.master.*"
                    ],
                    "primary": {
                        "id": "arn:aws:elasticloadbalancing:eu-west-2:690566824149:targetgroup/ipi-cluster-f9z8z-aext/2690c644def31049-20190910121532623500000007",
                        "attributes": {
                            "id": "arn:aws:elasticloadbalancing:eu-west-2:690566824149:targetgroup/ipi-cluster-f9z8z-aext/2690c644def31049-20190910121532623500000007",
                            "target_group_arn": "arn:aws:elasticloadbalancing:eu-west-2:690566824149:targetgroup/ipi-cluster-f9z8z-aext/2690c644def31049",
                            "target_id": "10.0.136.213"
                        },
                        "meta": {},
                        "tainted": false
                    },
                    "deposed": [],
                    "provider": "provider.aws"
                },
                "aws_lb_target_group_attachment.master.3": {
                    "type": "aws_lb_target_group_attachment",
                    "depends_on": [
                        "aws_instance.master.*"
                    ],
                    "primary": {
                        "id": "arn:aws:elasticloadbalancing:eu-west-2:690566824149:targetgroup/ipi-cluster-f9z8z-aint/f2e4575461e6c1e5-2019091012154928600000000f",
                        "attributes": {
                            "id": "arn:aws:elasticloadbalancing:eu-west-2:690566824149:targetgroup/ipi-cluster-f9z8z-aint/f2e4575461e6c1e5-2019091012154928600000000f",
                            "target_group_arn": "arn:aws:elasticloadbalancing:eu-west-2:690566824149:targetgroup/ipi-cluster-f9z8z-aint/f2e4575461e6c1e5",
                            "target_id": "10.0.147.250"
                        },
                        "meta": {},
                        "tainted": false
                    },
                    "deposed": [],
                    "provider": "provider.aws"
                },
                "aws_lb_target_group_attachment.master.4": {
                    "type": "aws_lb_target_group_attachment",
                    "depends_on": [
                        "aws_instance.master.*"
                    ],
                    "primary": {
                        "id": "arn:aws:elasticloadbalancing:eu-west-2:690566824149:targetgroup/ipi-cluster-f9z8z-sint/348c253d8ed22e91-2019091012154895140000000c",
                        "attributes": {
                            "id": "arn:aws:elasticloadbalancing:eu-west-2:690566824149:targetgroup/ipi-cluster-f9z8z-sint/348c253d8ed22e91-2019091012154895140000000c",
                            "target_group_arn": "arn:aws:elasticloadbalancing:eu-west-2:690566824149:targetgroup/ipi-cluster-f9z8z-sint/348c253d8ed22e91",
                            "target_id": "10.0.147.250"
                        },
                        "meta": {},
                        "tainted": false
                    },
                    "deposed": [],
                    "provider": "provider.aws"
                },
                "aws_lb_target_group_attachment.master.5": {
                    "type": "aws_lb_target_group_attachment",
                    "depends_on": [
                        "aws_instance.master.*"
                    ],
                    "primary": {
                        "id": "arn:aws:elasticloadbalancing:eu-west-2:690566824149:targetgroup/ipi-cluster-f9z8z-aext/2690c644def31049-2019091012154369720000000b",
                        "attributes": {
                            "id": "arn:aws:elasticloadbalancing:eu-west-2:690566824149:targetgroup/ipi-cluster-f9z8z-aext/2690c644def31049-2019091012154369720000000b",
                            "target_group_arn": "arn:aws:elasticloadbalancing:eu-west-2:690566824149:targetgroup/ipi-cluster-f9z8z-aext/2690c644def31049",
                            "target_id": "10.0.147.250"
                        },
                        "meta": {},
                        "tainted": false
                    },
                    "deposed": [],
                    "provider": "provider.aws"
                },
                "aws_lb_target_group_attachment.master.6": {
                    "type": "aws_lb_target_group_attachment",
                    "depends_on": [
                        "aws_instance.master.*"
                    ],
                    "primary": {
                        "id": "arn:aws:elasticloadbalancing:eu-west-2:690566824149:targetgroup/ipi-cluster-f9z8z-aint/f2e4575461e6c1e5-20190910121534922200000008",
                        "attributes": {
                            "id": "arn:aws:elasticloadbalancing:eu-west-2:690566824149:targetgroup/ipi-cluster-f9z8z-aint/f2e4575461e6c1e5-20190910121534922200000008",
                            "target_group_arn": "arn:aws:elasticloadbalancing:eu-west-2:690566824149:targetgroup/ipi-cluster-f9z8z-aint/f2e4575461e6c1e5",
                            "target_id": "10.0.163.18"
                        },
                        "meta": {},
                        "tainted": false
                    },
                    "deposed": [],
                    "provider": "provider.aws"
                },
                "aws_lb_target_group_attachment.master.7": {
                    "type": "aws_lb_target_group_attachment",
                    "depends_on": [
                        "aws_instance.master.*"
                    ],
                    "primary": {
                        "id": "arn:aws:elasticloadbalancing:eu-west-2:690566824149:targetgroup/ipi-cluster-f9z8z-sint/348c253d8ed22e91-2019091012154897970000000d",
                        "attributes": {
                            "id": "arn:aws:elasticloadbalancing:eu-west-2:690566824149:targetgroup/ipi-cluster-f9z8z-sint/348c253d8ed22e91-2019091012154897970000000d",
                            "target_group_arn": "arn:aws:elasticloadbalancing:eu-west-2:690566824149:targetgroup/ipi-cluster-f9z8z-sint/348c253d8ed22e91",
                            "target_id": "10.0.163.18"
                        },
                        "meta": {},
                        "tainted": false
                    },
                    "deposed": [],
                    "provider": "provider.aws"
                },
                "aws_lb_target_group_attachment.master.8": {
                    "type": "aws_lb_target_group_attachment",
                    "depends_on": [
                        "aws_instance.master.*"
                    ],
                    "primary": {
                        "id": "arn:aws:elasticloadbalancing:eu-west-2:690566824149:targetgroup/ipi-cluster-f9z8z-aext/2690c644def31049-20190910121537966400000009",
                        "attributes": {
                            "id": "arn:aws:elasticloadbalancing:eu-west-2:690566824149:targetgroup/ipi-cluster-f9z8z-aext/2690c644def31049-20190910121537966400000009",
                            "target_group_arn": "arn:aws:elasticloadbalancing:eu-west-2:690566824149:targetgroup/ipi-cluster-f9z8z-aext/2690c644def31049",
                            "target_id": "10.0.163.18"
                        },
                        "meta": {},
                        "tainted": false
                    },
                    "deposed": [],
                    "provider": "provider.aws"
                },
                "aws_network_interface.master.0": {
                    "type": "aws_network_interface",
                    "depends_on": [],
                    "primary": {
                        "id": "eni-06ce8a21e64fc91d7",
                        "attributes": {
                            "attachment.#": "0",
                            "description": "",
                            "id": "eni-06ce8a21e64fc91d7",
                            "private_dns_name": "ip-10-0-136-213.eu-west-2.compute.internal",
                            "private_ip": "10.0.136.213",
                            "private_ips.#": "1",
                            "private_ips.4085149017": "10.0.136.213",
                            "security_groups.#": "1",
                            "security_groups.257089267": "sg-051ab4ca4fc84bf16",
                            "source_dest_check": "true",
                            "subnet_id": "subnet-08dad3e730884e30c",
                            "tags.%": "2",
                            "tags.Name": "ipi-cluster-f9z8z-master-0",
                            "tags.kubernetes.io/cluster/ipi-cluster-f9z8z": "owned"
                        },
                        "meta": {},
                        "tainted": false
                    },
                    "deposed": [],
                    "provider": "provider.aws"
                },
                "aws_network_interface.master.1": {
                    "type": "aws_network_interface",
                    "depends_on": [],
                    "primary": {
                        "id": "eni-03b61cb4fb0cfce59",
                        "attributes": {
                            "attachment.#": "0",
                            "description": "",
                            "id": "eni-03b61cb4fb0cfce59",
                            "private_dns_name": "ip-10-0-147-250.eu-west-2.compute.internal",
                            "private_ip": "10.0.147.250",
                            "private_ips.#": "1",
                            "private_ips.780067055": "10.0.147.250",
                            "security_groups.#": "1",
                            "security_groups.257089267": "sg-051ab4ca4fc84bf16",
                            "source_dest_check": "true",
                            "subnet_id": "subnet-0023b375af9113587",
                            "tags.%": "2",
                            "tags.Name": "ipi-cluster-f9z8z-master-1",
                            "tags.kubernetes.io/cluster/ipi-cluster-f9z8z": "owned"
                        },
                        "meta": {},
                        "tainted": false
                    },
                    "deposed": [],
                    "provider": "provider.aws"
                },
                "aws_network_interface.master.2": {
                    "type": "aws_network_interface",
                    "depends_on": [],
                    "primary": {
                        "id": "eni-00a38730e3bb999bc",
                        "attributes": {
                            "attachment.#": "0",
                            "description": "",
                            "id": "eni-00a38730e3bb999bc",
                            "private_dns_name": "ip-10-0-163-18.eu-west-2.compute.internal",
                            "private_ip": "10.0.163.18",
                            "private_ips.#": "1",
                            "private_ips.1706685730": "10.0.163.18",
                            "security_groups.#": "1",
                            "security_groups.257089267": "sg-051ab4ca4fc84bf16",
                            "source_dest_check": "true",
                            "subnet_id": "subnet-08e2c2cc57a34e8da",
                            "tags.%": "2",
                            "tags.Name": "ipi-cluster-f9z8z-master-2",
                            "tags.kubernetes.io/cluster/ipi-cluster-f9z8z": "owned"
                        },
                        "meta": {},
                        "tainted": false
                    },
                    "deposed": [],
                    "provider": "provider.aws"
                }
            },
            "depends_on": []
        },
        {
            "path": [
                "root",
                "vpc"
            ],
            "outputs": {
                "aws_lb_api_external_dns_name": {
                    "sensitive": false,
                    "type": "string",
                    "value": "ipi-cluster-f9z8z-ext-1b55ba7539ccef58.elb.eu-west-2.amazonaws.com"
                },
                "aws_lb_api_external_zone_id": {
                    "sensitive": false,
                    "type": "string",
                    "value": "ZD4D7Y8KGAS4G"
                },
                "aws_lb_api_internal_dns_name": {
                    "sensitive": false,
                    "type": "string",
                    "value": "ipi-cluster-f9z8z-int-2ae68dfa57847ba4.elb.eu-west-2.amazonaws.com"
                },
                "aws_lb_api_internal_zone_id": {
                    "sensitive": false,
                    "type": "string",
                    "value": "ZD4D7Y8KGAS4G"
                },
                "aws_lb_target_group_arns": {
                    "sensitive": false,
                    "type": "list",
                    "value": [
                        "arn:aws:elasticloadbalancing:eu-west-2:690566824149:targetgroup/ipi-cluster-f9z8z-aint/f2e4575461e6c1e5",
                        "arn:aws:elasticloadbalancing:eu-west-2:690566824149:targetgroup/ipi-cluster-f9z8z-sint/348c253d8ed22e91",
                        "arn:aws:elasticloadbalancing:eu-west-2:690566824149:targetgroup/ipi-cluster-f9z8z-aext/2690c644def31049"
                    ]
                },
                "aws_lb_target_group_arns_length": {
                    "sensitive": false,
                    "type": "string",
                    "value": "3"
                },
                "az_to_private_subnet_id": {
                    "sensitive": false,
                    "type": "map",
                    "value": {
                        "eu-west-2a": "subnet-08dad3e730884e30c",
                        "eu-west-2b": "subnet-0023b375af9113587",
                        "eu-west-2c": "subnet-08e2c2cc57a34e8da"
                    }
                },
                "az_to_public_subnet_id": {
                    "sensitive": false,
                    "type": "map",
                    "value": {
                        "eu-west-2a": "subnet-0ee16a80b4f8adbe5",
                        "eu-west-2b": "subnet-0e32703effe268e71",
                        "eu-west-2c": "subnet-094b87687723a9aeb"
                    }
                },
                "master_sg_id": {
                    "sensitive": false,
                    "type": "string",
                    "value": "sg-051ab4ca4fc84bf16"
                },
                "private_subnet_ids": {
                    "sensitive": false,
                    "type": "list",
                    "value": [
                        "subnet-08dad3e730884e30c",
                        "subnet-0023b375af9113587",
                        "subnet-08e2c2cc57a34e8da"
                    ]
                },
                "public_subnet_ids": {
                    "sensitive": false,
                    "type": "list",
                    "value": [
                        "subnet-0ee16a80b4f8adbe5",
                        "subnet-0e32703effe268e71",
                        "subnet-094b87687723a9aeb"
                    ]
                },
                "vpc_id": {
                    "sensitive": false,
                    "type": "string",
                    "value": "vpc-0e695d44212020915"
                },
                "worker_sg_id": {
                    "sensitive": false,
                    "type": "string",
                    "value": "sg-0a26f3742a31694d6"
                }
            },
            "resources": {
                "aws_eip.nat_eip.0": {
                    "type": "aws_eip",
                    "depends_on": [
                        "aws_internet_gateway.igw",
                        "local.new_az_count"
                    ],
                    "primary": {
                        "id": "eipalloc-08b17db87c666a1eb",
                        "attributes": {
                            "association_id": "",
                            "domain": "vpc",
                            "id": "eipalloc-08b17db87c666a1eb",
                            "instance": "",
                            "network_interface": "",
                            "private_ip": "",
                            "public_dns": "ec2-3-9-254-205.eu-west-2.compute.amazonaws.com",
                            "public_ip": "3.9.254.205",
                            "public_ipv4_pool": "amazon",
                            "tags.%": "2",
                            "tags.Name": "ipi-cluster-f9z8z-eip-eu-west-2a",
                            "tags.kubernetes.io/cluster/ipi-cluster-f9z8z": "owned",
                            "vpc": "true"
                        },
                        "meta": {
                            "e2bfb730-ecaa-11e6-8f88-34363bc7c4c0": {
                                "delete": 180000000000,
                                "read": 900000000000,
                                "update": 300000000000
                            }
                        },
                        "tainted": false
                    },
                    "deposed": [],
                    "provider": "provider.aws"
                },
                "aws_eip.nat_eip.1": {
                    "type": "aws_eip",
                    "depends_on": [
                        "aws_internet_gateway.igw",
                        "local.new_az_count"
                    ],
                    "primary": {
                        "id": "eipalloc-081a43b385cbafc4d",
                        "attributes": {
                            "association_id": "",
                            "domain": "vpc",
                            "id": "eipalloc-081a43b385cbafc4d",
                            "instance": "",
                            "network_interface": "",
                            "private_ip": "",
                            "public_dns": "ec2-52-56-119-157.eu-west-2.compute.amazonaws.com",
                            "public_ip": "52.56.119.157",
                            "public_ipv4_pool": "amazon",
                            "tags.%": "2",
                            "tags.Name": "ipi-cluster-f9z8z-eip-eu-west-2b",
                            "tags.kubernetes.io/cluster/ipi-cluster-f9z8z": "owned",
                            "vpc": "true"
                        },
                        "meta": {
                            "e2bfb730-ecaa-11e6-8f88-34363bc7c4c0": {
                                "delete": 180000000000,
                                "read": 900000000000,
                                "update": 300000000000
                            }
                        },
                        "tainted": false
                    },
                    "deposed": [],
                    "provider": "provider.aws"
                },
                "aws_eip.nat_eip.2": {
                    "type": "aws_eip",
                    "depends_on": [
                        "aws_internet_gateway.igw",
                        "local.new_az_count"
                    ],
                    "primary": {
                        "id": "eipalloc-00f57435ae18dff9c",
                        "attributes": {
                            "association_id": "",
                            "domain": "vpc",
                            "id": "eipalloc-00f57435ae18dff9c",
                            "instance": "",
                            "network_interface": "",
                            "private_ip": "",
                            "public_dns": "ec2-3-10-66-179.eu-west-2.compute.amazonaws.com",
                            "public_ip": "3.10.66.179",
                            "public_ipv4_pool": "amazon",
                            "tags.%": "2",
                            "tags.Name": "ipi-cluster-f9z8z-eip-eu-west-2c",
                            "tags.kubernetes.io/cluster/ipi-cluster-f9z8z": "owned",
                            "vpc": "true"
                        },
                        "meta": {
                            "e2bfb730-ecaa-11e6-8f88-34363bc7c4c0": {
                                "delete": 180000000000,
                                "read": 900000000000,
                                "update": 300000000000
                            }
                        },
                        "tainted": false
                    },
                    "deposed": [],
                    "provider": "provider.aws"
                },
                "aws_internet_gateway.igw": {
                    "type": "aws_internet_gateway",
                    "depends_on": [
                        "data.aws_vpc.cluster_vpc"
                    ],
                    "primary": {
                        "id": "igw-035bafa17eeb601ee",
                        "attributes": {
                            "id": "igw-035bafa17eeb601ee",
                            "owner_id": "690566824149",
                            "tags.%": "2",
                            "tags.Name": "ipi-cluster-f9z8z-igw",
                            "tags.kubernetes.io/cluster/ipi-cluster-f9z8z": "owned",
                            "vpc_id": "vpc-0e695d44212020915"
                        },
                        "meta": {},
                        "tainted": false
                    },
                    "deposed": [],
                    "provider": "provider.aws"
                },
                "aws_lb.api_external": {
                    "type": "aws_lb",
                    "depends_on": [
                        "aws_internet_gateway.igw",
                        "local.public_subnet_ids"
                    ],
                    "primary": {
                        "id": "arn:aws:elasticloadbalancing:eu-west-2:690566824149:loadbalancer/net/ipi-cluster-f9z8z-ext/1b55ba7539ccef58",
                        "attributes": {
                            "access_logs.#": "0",
                            "arn": "arn:aws:elasticloadbalancing:eu-west-2:690566824149:loadbalancer/net/ipi-cluster-f9z8z-ext/1b55ba7539ccef58",
                            "arn_suffix": "net/ipi-cluster-f9z8z-ext/1b55ba7539ccef58",
                            "dns_name": "ipi-cluster-f9z8z-ext-1b55ba7539ccef58.elb.eu-west-2.amazonaws.com",
                            "enable_cross_zone_load_balancing": "true",
                            "enable_deletion_protection": "false",
                            "id": "arn:aws:elasticloadbalancing:eu-west-2:690566824149:loadbalancer/net/ipi-cluster-f9z8z-ext/1b55ba7539ccef58",
                            "internal": "false",
                            "ip_address_type": "ipv4",
                            "load_balancer_type": "network",
                            "name": "ipi-cluster-f9z8z-ext",
                            "security_groups.#": "0",
                            "subnet_mapping.#": "0",
                            "subnets.#": "3",
                            "subnets.1035930575": "subnet-094b87687723a9aeb",
                            "subnets.2482293405": "subnet-0ee16a80b4f8adbe5",
                            "subnets.511248623": "subnet-0e32703effe268e71",
                            "tags.%": "2",
                            "tags.Name": "ipi-cluster-f9z8z-ext",
                            "tags.kubernetes.io/cluster/ipi-cluster-f9z8z": "owned",
                            "vpc_id": "vpc-0e695d44212020915",
                            "zone_id": "ZD4D7Y8KGAS4G"
                        },
                        "meta": {
                            "e2bfb730-ecaa-11e6-8f88-34363bc7c4c0": {
                                "create": 600000000000,
                                "delete": 600000000000,
                                "update": 600000000000
                            }
                        },
                        "tainted": false
                    },
                    "deposed": [],
                    "provider": "provider.aws"
                },
                "aws_lb.api_internal": {
                    "type": "aws_lb",
                    "depends_on": [
                        "aws_internet_gateway.igw",
                        "local.private_subnet_ids"
                    ],
                    "primary": {
                        "id": "arn:aws:elasticloadbalancing:eu-west-2:690566824149:loadbalancer/net/ipi-cluster-f9z8z-int/2ae68dfa57847ba4",
                        "attributes": {
                            "access_logs.#": "0",
                            "arn": "arn:aws:elasticloadbalancing:eu-west-2:690566824149:loadbalancer/net/ipi-cluster-f9z8z-int/2ae68dfa57847ba4",
                            "arn_suffix": "net/ipi-cluster-f9z8z-int/2ae68dfa57847ba4",
                            "dns_name": "ipi-cluster-f9z8z-int-2ae68dfa57847ba4.elb.eu-west-2.amazonaws.com",
                            "enable_cross_zone_load_balancing": "true",
                            "enable_deletion_protection": "false",
                            "id": "arn:aws:elasticloadbalancing:eu-west-2:690566824149:loadbalancer/net/ipi-cluster-f9z8z-int/2ae68dfa57847ba4",
                            "internal": "true",
                            "ip_address_type": "ipv4",
                            "load_balancer_type": "network",
                            "name": "ipi-cluster-f9z8z-int",
                            "security_groups.#": "0",
                            "subnet_mapping.#": "0",
                            "subnets.#": "3",
                            "subnets.2208158884": "subnet-0023b375af9113587",
                            "subnets.333431755": "subnet-08e2c2cc57a34e8da",
                            "subnets.3591072394": "subnet-08dad3e730884e30c",
                            "tags.%": "2",
                            "tags.Name": "ipi-cluster-f9z8z-int",
                            "tags.kubernetes.io/cluster/ipi-cluster-f9z8z": "owned",
                            "vpc_id": "vpc-0e695d44212020915",
                            "zone_id": "ZD4D7Y8KGAS4G"
                        },
                        "meta": {
                            "e2bfb730-ecaa-11e6-8f88-34363bc7c4c0": {
                                "create": 600000000000,
                                "delete": 600000000000,
                                "update": 600000000000
                            }
                        },
                        "tainted": false
                    },
                    "deposed": [],
                    "provider": "provider.aws"
                },
                "aws_lb_listener.api_external_api": {
                    "type": "aws_lb_listener",
                    "depends_on": [
                        "aws_lb.api_external",
                        "aws_lb_target_group.api_external"
                    ],
                    "primary": {
                        "id": "arn:aws:elasticloadbalancing:eu-west-2:690566824149:listener/net/ipi-cluster-f9z8z-ext/1b55ba7539ccef58/6390aa518348f999",
                        "attributes": {
                            "arn": "arn:aws:elasticloadbalancing:eu-west-2:690566824149:listener/net/ipi-cluster-f9z8z-ext/1b55ba7539ccef58/6390aa518348f999",
                            "default_action.#": "1",
                            "default_action.0.authenticate_cognito.#": "0",
                            "default_action.0.authenticate_oidc.#": "0",
                            "default_action.0.fixed_response.#": "0",
                            "default_action.0.order": "1",
                            "default_action.0.redirect.#": "0",
                            "default_action.0.target_group_arn": "arn:aws:elasticloadbalancing:eu-west-2:690566824149:targetgroup/ipi-cluster-f9z8z-aext/2690c644def31049",
                            "default_action.0.type": "forward",
                            "id": "arn:aws:elasticloadbalancing:eu-west-2:690566824149:listener/net/ipi-cluster-f9z8z-ext/1b55ba7539ccef58/6390aa518348f999",
                            "load_balancer_arn": "arn:aws:elasticloadbalancing:eu-west-2:690566824149:loadbalancer/net/ipi-cluster-f9z8z-ext/1b55ba7539ccef58",
                            "port": "6443",
                            "protocol": "TCP",
                            "ssl_policy": ""
                        },
                        "meta": {
                            "e2bfb730-ecaa-11e6-8f88-34363bc7c4c0": {
                                "read": 600000000000
                            }
                        },
                        "tainted": false
                    },
                    "deposed": [],
                    "provider": "provider.aws"
                },
                "aws_lb_listener.api_internal_api": {
                    "type": "aws_lb_listener",
                    "depends_on": [
                        "aws_lb.api_internal",
                        "aws_lb_target_group.api_internal"
                    ],
                    "primary": {
                        "id": "arn:aws:elasticloadbalancing:eu-west-2:690566824149:listener/net/ipi-cluster-f9z8z-int/2ae68dfa57847ba4/59257b26ecdc66e3",
                        "attributes": {
                            "arn": "arn:aws:elasticloadbalancing:eu-west-2:690566824149:listener/net/ipi-cluster-f9z8z-int/2ae68dfa57847ba4/59257b26ecdc66e3",
                            "default_action.#": "1",
                            "default_action.0.authenticate_cognito.#": "0",
                            "default_action.0.authenticate_oidc.#": "0",
                            "default_action.0.fixed_response.#": "0",
                            "default_action.0.order": "1",
                            "default_action.0.redirect.#": "0",
                            "default_action.0.target_group_arn": "arn:aws:elasticloadbalancing:eu-west-2:690566824149:targetgroup/ipi-cluster-f9z8z-aint/f2e4575461e6c1e5",
                            "default_action.0.type": "forward",
                            "id": "arn:aws:elasticloadbalancing:eu-west-2:690566824149:listener/net/ipi-cluster-f9z8z-int/2ae68dfa57847ba4/59257b26ecdc66e3",
                            "load_balancer_arn": "arn:aws:elasticloadbalancing:eu-west-2:690566824149:loadbalancer/net/ipi-cluster-f9z8z-int/2ae68dfa57847ba4",
                            "port": "6443",
                            "protocol": "TCP",
                            "ssl_policy": ""
                        },
                        "meta": {
                            "e2bfb730-ecaa-11e6-8f88-34363bc7c4c0": {
                                "read": 600000000000
                            }
                        },
                        "tainted": false
                    },
                    "deposed": [],
                    "provider": "provider.aws"
                },
                "aws_lb_listener.api_internal_services": {
                    "type": "aws_lb_listener",
                    "depends_on": [
                        "aws_lb.api_internal",
                        "aws_lb_target_group.services"
                    ],
                    "primary": {
                        "id": "arn:aws:elasticloadbalancing:eu-west-2:690566824149:listener/net/ipi-cluster-f9z8z-int/2ae68dfa57847ba4/aa49b7ad8af5955b",
                        "attributes": {
                            "arn": "arn:aws:elasticloadbalancing:eu-west-2:690566824149:listener/net/ipi-cluster-f9z8z-int/2ae68dfa57847ba4/aa49b7ad8af5955b",
                            "default_action.#": "1",
                            "default_action.0.authenticate_cognito.#": "0",
                            "default_action.0.authenticate_oidc.#": "0",
                            "default_action.0.fixed_response.#": "0",
                            "default_action.0.order": "1",
                            "default_action.0.redirect.#": "0",
                            "default_action.0.target_group_arn": "arn:aws:elasticloadbalancing:eu-west-2:690566824149:targetgroup/ipi-cluster-f9z8z-sint/348c253d8ed22e91",
                            "default_action.0.type": "forward",
                            "id": "arn:aws:elasticloadbalancing:eu-west-2:690566824149:listener/net/ipi-cluster-f9z8z-int/2ae68dfa57847ba4/aa49b7ad8af5955b",
                            "load_balancer_arn": "arn:aws:elasticloadbalancing:eu-west-2:690566824149:loadbalancer/net/ipi-cluster-f9z8z-int/2ae68dfa57847ba4",
                            "port": "22623",
                            "protocol": "TCP",
                            "ssl_policy": ""
                        },
                        "meta": {
                            "e2bfb730-ecaa-11e6-8f88-34363bc7c4c0": {
                                "read": 600000000000
                            }
                        },
                        "tainted": false
                    },
                    "deposed": [],
                    "provider": "provider.aws"
                },
                "aws_lb_target_group.api_external": {
                    "type": "aws_lb_target_group",
                    "depends_on": [
                        "local.vpc_id"
                    ],
                    "primary": {
                        "id": "arn:aws:elasticloadbalancing:eu-west-2:690566824149:targetgroup/ipi-cluster-f9z8z-aext/2690c644def31049",
                        "attributes": {
                            "arn": "arn:aws:elasticloadbalancing:eu-west-2:690566824149:targetgroup/ipi-cluster-f9z8z-aext/2690c644def31049",
                            "arn_suffix": "targetgroup/ipi-cluster-f9z8z-aext/2690c644def31049",
                            "deregistration_delay": "300",
                            "health_check.#": "1",
                            "health_check.0.healthy_threshold": "2",
                            "health_check.0.interval": "10",
                            "health_check.0.matcher": "200-399",
                            "health_check.0.path": "/readyz",
                            "health_check.0.port": "6443",
                            "health_check.0.protocol": "HTTPS",
                            "health_check.0.timeout": "10",
                            "health_check.0.unhealthy_threshold": "2",
                            "id": "arn:aws:elasticloadbalancing:eu-west-2:690566824149:targetgroup/ipi-cluster-f9z8z-aext/2690c644def31049",
                            "lambda_multi_value_headers_enabled": "false",
                            "name": "ipi-cluster-f9z8z-aext",
                            "port": "6443",
                            "protocol": "TCP",
                            "proxy_protocol_v2": "false",
                            "slow_start": "0",
                            "stickiness.#": "0",
                            "tags.%": "2",
                            "tags.Name": "ipi-cluster-f9z8z-aext",
                            "tags.kubernetes.io/cluster/ipi-cluster-f9z8z": "owned",
                            "target_type": "ip",
                            "vpc_id": "vpc-0e695d44212020915"
                        },
                        "meta": {},
                        "tainted": false
                    },
                    "deposed": [],
                    "provider": "provider.aws"
                },
                "aws_lb_target_group.api_internal": {
                    "type": "aws_lb_target_group",
                    "depends_on": [
                        "local.vpc_id"
                    ],
                    "primary": {
                        "id": "arn:aws:elasticloadbalancing:eu-west-2:690566824149:targetgroup/ipi-cluster-f9z8z-aint/f2e4575461e6c1e5",
                        "attributes": {
                            "arn": "arn:aws:elasticloadbalancing:eu-west-2:690566824149:targetgroup/ipi-cluster-f9z8z-aint/f2e4575461e6c1e5",
                            "arn_suffix": "targetgroup/ipi-cluster-f9z8z-aint/f2e4575461e6c1e5",
                            "deregistration_delay": "300",
                            "health_check.#": "1",
                            "health_check.0.healthy_threshold": "2",
                            "health_check.0.interval": "10",
                            "health_check.0.matcher": "200-399",
                            "health_check.0.path": "/readyz",
                            "health_check.0.port": "6443",
                            "health_check.0.protocol": "HTTPS",
                            "health_check.0.timeout": "10",
                            "health_check.0.unhealthy_threshold": "2",
                            "id": "arn:aws:elasticloadbalancing:eu-west-2:690566824149:targetgroup/ipi-cluster-f9z8z-aint/f2e4575461e6c1e5",
                            "lambda_multi_value_headers_enabled": "false",
                            "name": "ipi-cluster-f9z8z-aint",
                            "port": "6443",
                            "protocol": "TCP",
                            "proxy_protocol_v2": "false",
                            "slow_start": "0",
                            "stickiness.#": "0",
                            "tags.%": "2",
                            "tags.Name": "ipi-cluster-f9z8z-aint",
                            "tags.kubernetes.io/cluster/ipi-cluster-f9z8z": "owned",
                            "target_type": "ip",
                            "vpc_id": "vpc-0e695d44212020915"
                        },
                        "meta": {},
                        "tainted": false
                    },
                    "deposed": [],
                    "provider": "provider.aws"
                },
                "aws_lb_target_group.services": {
                    "type": "aws_lb_target_group",
                    "depends_on": [
                        "local.vpc_id"
                    ],
                    "primary": {
                        "id": "arn:aws:elasticloadbalancing:eu-west-2:690566824149:targetgroup/ipi-cluster-f9z8z-sint/348c253d8ed22e91",
                        "attributes": {
                            "arn": "arn:aws:elasticloadbalancing:eu-west-2:690566824149:targetgroup/ipi-cluster-f9z8z-sint/348c253d8ed22e91",
                            "arn_suffix": "targetgroup/ipi-cluster-f9z8z-sint/348c253d8ed22e91",
                            "deregistration_delay": "300",
                            "health_check.#": "1",
                            "health_check.0.healthy_threshold": "2",
                            "health_check.0.interval": "10",
                            "health_check.0.matcher": "200-399",
                            "health_check.0.path": "/healthz",
                            "health_check.0.port": "22623",
                            "health_check.0.protocol": "HTTPS",
                            "health_check.0.timeout": "10",
                            "health_check.0.unhealthy_threshold": "2",
                            "id": "arn:aws:elasticloadbalancing:eu-west-2:690566824149:targetgroup/ipi-cluster-f9z8z-sint/348c253d8ed22e91",
                            "lambda_multi_value_headers_enabled": "false",
                            "name": "ipi-cluster-f9z8z-sint",
                            "port": "22623",
                            "protocol": "TCP",
                            "proxy_protocol_v2": "false",
                            "slow_start": "0",
                            "stickiness.#": "0",
                            "tags.%": "2",
                            "tags.Name": "ipi-cluster-f9z8z-sint",
                            "tags.kubernetes.io/cluster/ipi-cluster-f9z8z": "owned",
                            "target_type": "ip",
                            "vpc_id": "vpc-0e695d44212020915"
                        },
                        "meta": {},
                        "tainted": false
                    },
                    "deposed": [],
                    "provider": "provider.aws"
                },
                "aws_main_route_table_association.main_vpc_routes": {
                    "type": "aws_main_route_table_association",
                    "depends_on": [
                        "aws_route_table.default",
                        "data.aws_vpc.cluster_vpc"
                    ],
                    "primary": {
                        "id": "rtbassoc-0507c619ca1cacd04",
                        "attributes": {
                            "id": "rtbassoc-0507c619ca1cacd04",
                            "original_route_table_id": "rtb-0c508a28628458e50",
                            "route_table_id": "rtb-08d53d1ca46c7fe00",
                            "vpc_id": "vpc-0e695d44212020915"
                        },
                        "meta": {},
                        "tainted": false
                    },
                    "deposed": [],
                    "provider": "provider.aws"
                },
                "aws_nat_gateway.nat_gw.0": {
                    "type": "aws_nat_gateway",
                    "depends_on": [
                        "aws_eip.nat_eip.*",
                        "aws_subnet.public_subnet.*",
                        "local.new_az_count"
                    ],
                    "primary": {
                        "id": "nat-0f3ba1a1a9d76a690",
                        "attributes": {
                            "allocation_id": "eipalloc-08b17db87c666a1eb",
                            "id": "nat-0f3ba1a1a9d76a690",
                            "network_interface_id": "eni-0fab1aed8da1a2681",
                            "private_ip": "10.0.5.67",
                            "public_ip": "3.9.254.205",
                            "subnet_id": "subnet-0ee16a80b4f8adbe5",
                            "tags.%": "2",
                            "tags.Name": "ipi-cluster-f9z8z-nat-eu-west-2a",
                            "tags.kubernetes.io/cluster/ipi-cluster-f9z8z": "owned"
                        },
                        "meta": {},
                        "tainted": false
                    },
                    "deposed": [],
                    "provider": "provider.aws"
                },
                "aws_nat_gateway.nat_gw.1": {
                    "type": "aws_nat_gateway",
                    "depends_on": [
                        "aws_eip.nat_eip.*",
                        "aws_subnet.public_subnet.*",
                        "local.new_az_count"
                    ],
                    "primary": {
                        "id": "nat-0e3898f8b04449e16",
                        "attributes": {
                            "allocation_id": "eipalloc-081a43b385cbafc4d",
                            "id": "nat-0e3898f8b04449e16",
                            "network_interface_id": "eni-08478314b1c17b899",
                            "private_ip": "10.0.23.69",
                            "public_ip": "52.56.119.157",
                            "subnet_id": "subnet-0e32703effe268e71",
                            "tags.%": "2",
                            "tags.Name": "ipi-cluster-f9z8z-nat-eu-west-2b",
                            "tags.kubernetes.io/cluster/ipi-cluster-f9z8z": "owned"
                        },
                        "meta": {},
                        "tainted": false
                    },
                    "deposed": [],
                    "provider": "provider.aws"
                },
                "aws_nat_gateway.nat_gw.2": {
                    "type": "aws_nat_gateway",
                    "depends_on": [
                        "aws_eip.nat_eip.*",
                        "aws_subnet.public_subnet.*",
                        "local.new_az_count"
                    ],
                    "primary": {
                        "id": "nat-0bc32b301c1dd9213",
                        "attributes": {
                            "allocation_id": "eipalloc-00f57435ae18dff9c",
                            "id": "nat-0bc32b301c1dd9213",
                            "network_interface_id": "eni-05f6b5925502443de",
                            "private_ip": "10.0.43.11",
                            "public_ip": "3.10.66.179",
                            "subnet_id": "subnet-094b87687723a9aeb",
                            "tags.%": "2",
                            "tags.Name": "ipi-cluster-f9z8z-nat-eu-west-2c",
                            "tags.kubernetes.io/cluster/ipi-cluster-f9z8z": "owned"
                        },
                        "meta": {},
                        "tainted": false
                    },
                    "deposed": [],
                    "provider": "provider.aws"
                },
                "aws_route.igw_route": {
                    "type": "aws_route",
                    "depends_on": [
                        "aws_internet_gateway.igw",
                        "aws_route_table.default"
                    ],
                    "primary": {
                        "id": "r-rtb-08d53d1ca46c7fe001080289494",
                        "attributes": {
                            "destination_cidr_block": "0.0.0.0/0",
                            "destination_prefix_list_id": "",
                            "egress_only_gateway_id": "",
                            "gateway_id": "igw-035bafa17eeb601ee",
                            "id": "r-rtb-08d53d1ca46c7fe001080289494",
                            "instance_id": "",
                            "instance_owner_id": "",
                            "nat_gateway_id": "",
                            "network_interface_id": "",
                            "origin": "CreateRoute",
                            "route_table_id": "rtb-08d53d1ca46c7fe00",
                            "state": "active",
                            "transit_gateway_id": "",
                            "vpc_peering_connection_id": ""
                        },
                        "meta": {
                            "e2bfb730-ecaa-11e6-8f88-34363bc7c4c0": {
                                "create": 1200000000000,
                                "delete": 300000000000
                            }
                        },
                        "tainted": false
                    },
                    "deposed": [],
                    "provider": "provider.aws"
                },
                "aws_route.to_nat_gw.0": {
                    "type": "aws_route",
                    "depends_on": [
                        "aws_nat_gateway.nat_gw.*",
                        "aws_route_table.private_routes",
                        "aws_route_table.private_routes.*",
                        "local.new_az_count"
                    ],
                    "primary": {
                        "id": "r-rtb-0c8eb171e43a965b91080289494",
                        "attributes": {
                            "destination_cidr_block": "0.0.0.0/0",
                            "destination_prefix_list_id": "",
                            "egress_only_gateway_id": "",
                            "gateway_id": "",
                            "id": "r-rtb-0c8eb171e43a965b91080289494",
                            "instance_id": "",
                            "instance_owner_id": "",
                            "nat_gateway_id": "nat-0f3ba1a1a9d76a690",
                            "network_interface_id": "",
                            "origin": "CreateRoute",
                            "route_table_id": "rtb-0c8eb171e43a965b9",
                            "state": "active",
                            "transit_gateway_id": "",
                            "vpc_peering_connection_id": ""
                        },
                        "meta": {
                            "e2bfb730-ecaa-11e6-8f88-34363bc7c4c0": {
                                "create": 1200000000000,
                                "delete": 300000000000
                            }
                        },
                        "tainted": false
                    },
                    "deposed": [],
                    "provider": "provider.aws"
                },
                "aws_route.to_nat_gw.1": {
                    "type": "aws_route",
                    "depends_on": [
                        "aws_nat_gateway.nat_gw.*",
                        "aws_route_table.private_routes",
                        "aws_route_table.private_routes.*",
                        "local.new_az_count"
                    ],
                    "primary": {
                        "id": "r-rtb-00890e68a7f5e7f9c1080289494",
                        "attributes": {
                            "destination_cidr_block": "0.0.0.0/0",
                            "destination_prefix_list_id": "",
                            "egress_only_gateway_id": "",
                            "gateway_id": "",
                            "id": "r-rtb-00890e68a7f5e7f9c1080289494",
                            "instance_id": "",
                            "instance_owner_id": "",
                            "nat_gateway_id": "nat-0e3898f8b04449e16",
                            "network_interface_id": "",
                            "origin": "CreateRoute",
                            "route_table_id": "rtb-00890e68a7f5e7f9c",
                            "state": "active",
                            "transit_gateway_id": "",
                            "vpc_peering_connection_id": ""
                        },
                        "meta": {
                            "e2bfb730-ecaa-11e6-8f88-34363bc7c4c0": {
                                "create": 1200000000000,
                                "delete": 300000000000
                            }
                        },
                        "tainted": false
                    },
                    "deposed": [],
                    "provider": "provider.aws"
                },
                "aws_route.to_nat_gw.2": {
                    "type": "aws_route",
                    "depends_on": [
                        "aws_nat_gateway.nat_gw.*",
                        "aws_route_table.private_routes",
                        "aws_route_table.private_routes.*",
                        "local.new_az_count"
                    ],
                    "primary": {
                        "id": "r-rtb-083c4788e84b6a67f1080289494",
                        "attributes": {
                            "destination_cidr_block": "0.0.0.0/0",
                            "destination_prefix_list_id": "",
                            "egress_only_gateway_id": "",
                            "gateway_id": "",
                            "id": "r-rtb-083c4788e84b6a67f1080289494",
                            "instance_id": "",
                            "instance_owner_id": "",
                            "nat_gateway_id": "nat-0bc32b301c1dd9213",
                            "network_interface_id": "",
                            "origin": "CreateRoute",
                            "route_table_id": "rtb-083c4788e84b6a67f",
                            "state": "active",
                            "transit_gateway_id": "",
                            "vpc_peering_connection_id": ""
                        },
                        "meta": {
                            "e2bfb730-ecaa-11e6-8f88-34363bc7c4c0": {
                                "create": 1200000000000,
                                "delete": 300000000000
                            }
                        },
                        "tainted": false
                    },
                    "deposed": [],
                    "provider": "provider.aws"
                },
                "aws_route_table.default": {
                    "type": "aws_route_table",
                    "depends_on": [
                        "data.aws_vpc.cluster_vpc"
                    ],
                    "primary": {
                        "id": "rtb-08d53d1ca46c7fe00",
                        "attributes": {
                            "id": "rtb-08d53d1ca46c7fe00",
                            "owner_id": "690566824149",
                            "propagating_vgws.#": "0",
                            "route.#": "0",
                            "tags.%": "2",
                            "tags.Name": "ipi-cluster-f9z8z-public",
                            "tags.kubernetes.io/cluster/ipi-cluster-f9z8z": "owned",
                            "vpc_id": "vpc-0e695d44212020915"
                        },
                        "meta": {},
                        "tainted": false
                    },
                    "deposed": [],
                    "provider": "provider.aws"
                },
                "aws_route_table.private_routes.0": {
                    "type": "aws_route_table",
                    "depends_on": [
                        "data.aws_vpc.cluster_vpc",
                        "local.new_az_count"
                    ],
                    "primary": {
                        "id": "rtb-0c8eb171e43a965b9",
                        "attributes": {
                            "id": "rtb-0c8eb171e43a965b9",
                            "owner_id": "690566824149",
                            "propagating_vgws.#": "0",
                            "route.#": "0",
                            "tags.%": "2",
                            "tags.Name": "ipi-cluster-f9z8z-private-eu-west-2a",
                            "tags.kubernetes.io/cluster/ipi-cluster-f9z8z": "owned",
                            "vpc_id": "vpc-0e695d44212020915"
                        },
                        "meta": {},
                        "tainted": false
                    },
                    "deposed": [],
                    "provider": "provider.aws"
                },
                "aws_route_table.private_routes.1": {
                    "type": "aws_route_table",
                    "depends_on": [
                        "data.aws_vpc.cluster_vpc",
                        "local.new_az_count"
                    ],
                    "primary": {
                        "id": "rtb-00890e68a7f5e7f9c",
                        "attributes": {
                            "id": "rtb-00890e68a7f5e7f9c",
                            "owner_id": "690566824149",
                            "propagating_vgws.#": "0",
                            "route.#": "0",
                            "tags.%": "2",
                            "tags.Name": "ipi-cluster-f9z8z-private-eu-west-2b",
                            "tags.kubernetes.io/cluster/ipi-cluster-f9z8z": "owned",
                            "vpc_id": "vpc-0e695d44212020915"
                        },
                        "meta": {},
                        "tainted": false
                    },
                    "deposed": [],
                    "provider": "provider.aws"
                },
                "aws_route_table.private_routes.2": {
                    "type": "aws_route_table",
                    "depends_on": [
                        "data.aws_vpc.cluster_vpc",
                        "local.new_az_count"
                    ],
                    "primary": {
                        "id": "rtb-083c4788e84b6a67f",
                        "attributes": {
                            "id": "rtb-083c4788e84b6a67f",
                            "owner_id": "690566824149",
                            "propagating_vgws.#": "0",
                            "route.#": "0",
                            "tags.%": "2",
                            "tags.Name": "ipi-cluster-f9z8z-private-eu-west-2c",
                            "tags.kubernetes.io/cluster/ipi-cluster-f9z8z": "owned",
                            "vpc_id": "vpc-0e695d44212020915"
                        },
                        "meta": {},
                        "tainted": false
                    },
                    "deposed": [],
                    "provider": "provider.aws"
                },
                "aws_route_table_association.private_routing.0": {
                    "type": "aws_route_table_association",
                    "depends_on": [
                        "aws_route_table.private_routes.*",
                        "aws_subnet.private_subnet.*",
                        "local.new_az_count"
                    ],
                    "primary": {
                        "id": "rtbassoc-029100e903334b0db",
                        "attributes": {
                            "id": "rtbassoc-029100e903334b0db",
                            "route_table_id": "rtb-0c8eb171e43a965b9",
                            "subnet_id": "subnet-08dad3e730884e30c"
                        },
                        "meta": {},
                        "tainted": false
                    },
                    "deposed": [],
                    "provider": "provider.aws"
                },
                "aws_route_table_association.private_routing.1": {
                    "type": "aws_route_table_association",
                    "depends_on": [
                        "aws_route_table.private_routes.*",
                        "aws_subnet.private_subnet.*",
                        "local.new_az_count"
                    ],
                    "primary": {
                        "id": "rtbassoc-010a39e08a1a305bb",
                        "attributes": {
                            "id": "rtbassoc-010a39e08a1a305bb",
                            "route_table_id": "rtb-00890e68a7f5e7f9c",
                            "subnet_id": "subnet-0023b375af9113587"
                        },
                        "meta": {},
                        "tainted": false
                    },
                    "deposed": [],
                    "provider": "provider.aws"
                },
                "aws_route_table_association.private_routing.2": {
                    "type": "aws_route_table_association",
                    "depends_on": [
                        "aws_route_table.private_routes.*",
                        "aws_subnet.private_subnet.*",
                        "local.new_az_count"
                    ],
                    "primary": {
                        "id": "rtbassoc-0d046aeb75d0eaea1",
                        "attributes": {
                            "id": "rtbassoc-0d046aeb75d0eaea1",
                            "route_table_id": "rtb-083c4788e84b6a67f",
                            "subnet_id": "subnet-08e2c2cc57a34e8da"
                        },
                        "meta": {},
                        "tainted": false
                    },
                    "deposed": [],
                    "provider": "provider.aws"
                },
                "aws_route_table_association.route_net.0": {
                    "type": "aws_route_table_association",
                    "depends_on": [
                        "aws_route_table.default",
                        "aws_subnet.public_subnet.*",
                        "local.new_az_count"
                    ],
                    "primary": {
                        "id": "rtbassoc-04bf689e1638e12c6",
                        "attributes": {
                            "id": "rtbassoc-04bf689e1638e12c6",
                            "route_table_id": "rtb-08d53d1ca46c7fe00",
                            "subnet_id": "subnet-0ee16a80b4f8adbe5"
                        },
                        "meta": {},
                        "tainted": false
                    },
                    "deposed": [],
                    "provider": "provider.aws"
                },
                "aws_route_table_association.route_net.1": {
                    "type": "aws_route_table_association",
                    "depends_on": [
                        "aws_route_table.default",
                        "aws_subnet.public_subnet.*",
                        "local.new_az_count"
                    ],
                    "primary": {
                        "id": "rtbassoc-068319b88bb7b100d",
                        "attributes": {
                            "id": "rtbassoc-068319b88bb7b100d",
                            "route_table_id": "rtb-08d53d1ca46c7fe00",
                            "subnet_id": "subnet-0e32703effe268e71"
                        },
                        "meta": {},
                        "tainted": false
                    },
                    "deposed": [],
                    "provider": "provider.aws"
                },
                "aws_route_table_association.route_net.2": {
                    "type": "aws_route_table_association",
                    "depends_on": [
                        "aws_route_table.default",
                        "aws_subnet.public_subnet.*",
                        "local.new_az_count"
                    ],
                    "primary": {
                        "id": "rtbassoc-0fe797894f934fac8",
                        "attributes": {
                            "id": "rtbassoc-0fe797894f934fac8",
                            "route_table_id": "rtb-08d53d1ca46c7fe00",
                            "subnet_id": "subnet-094b87687723a9aeb"
                        },
                        "meta": {},
                        "tainted": false
                    },
                    "deposed": [],
                    "provider": "provider.aws"
                },
                "aws_security_group.master": {
                    "type": "aws_security_group",
                    "depends_on": [
                        "data.aws_vpc.cluster_vpc"
                    ],
                    "primary": {
                        "id": "sg-051ab4ca4fc84bf16",
                        "attributes": {
                            "arn": "arn:aws:ec2:eu-west-2:690566824149:security-group/sg-051ab4ca4fc84bf16",
                            "description": "Managed by Terraform",
                            "egress.#": "1",
                            "egress.482069346.cidr_blocks.#": "1",
                            "egress.482069346.cidr_blocks.0": "0.0.0.0/0",
                            "egress.482069346.description": "",
                            "egress.482069346.from_port": "0",
                            "egress.482069346.ipv6_cidr_blocks.#": "0",
                            "egress.482069346.prefix_list_ids.#": "0",
                            "egress.482069346.protocol": "-1",
                            "egress.482069346.security_groups.#": "0",
                            "egress.482069346.self": "false",
                            "egress.482069346.to_port": "0",
                            "id": "sg-051ab4ca4fc84bf16",
                            "ingress.#": "13",
                            "ingress.109225191.cidr_blocks.#": "1",
                            "ingress.109225191.cidr_blocks.0": "10.0.0.0/16",
                            "ingress.109225191.description": "",
                            "ingress.109225191.from_port": "6443",
                            "ingress.109225191.ipv6_cidr_blocks.#": "0",
                            "ingress.109225191.prefix_list_ids.#": "0",
                            "ingress.109225191.protocol": "tcp",
                            "ingress.109225191.security_groups.#": "0",
                            "ingress.109225191.self": "false",
                            "ingress.109225191.to_port": "6443",
                            "ingress.1431068065.cidr_blocks.#": "0",
                            "ingress.1431068065.description": "",
                            "ingress.1431068065.from_port": "2379",
                            "ingress.1431068065.ipv6_cidr_blocks.#": "0",
                            "ingress.1431068065.prefix_list_ids.#": "0",
                            "ingress.1431068065.protocol": "tcp",
                            "ingress.1431068065.security_groups.#": "0",
                            "ingress.1431068065.self": "true",
                            "ingress.1431068065.to_port": "2380",
                            "ingress.1459858550.cidr_blocks.#": "0",
                            "ingress.1459858550.description": "",
                            "ingress.1459858550.from_port": "4789",
                            "ingress.1459858550.ipv6_cidr_blocks.#": "0",
                            "ingress.1459858550.prefix_list_ids.#": "0",
                            "ingress.1459858550.protocol": "udp",
                            "ingress.1459858550.security_groups.#": "1",
                            "ingress.1459858550.security_groups.3502731623": "sg-0a26f3742a31694d6",
                            "ingress.1459858550.self": "true",
                            "ingress.1459858550.to_port": "4789",
                            "ingress.2193683359.cidr_blocks.#": "1",
                            "ingress.2193683359.cidr_blocks.0": "10.0.0.0/16",
                            "ingress.2193683359.description": "",
                            "ingress.2193683359.from_port": "22623",
                            "ingress.2193683359.ipv6_cidr_blocks.#": "0",
                            "ingress.2193683359.prefix_list_ids.#": "0",
                            "ingress.2193683359.protocol": "tcp",
                            "ingress.2193683359.security_groups.#": "0",
                            "ingress.2193683359.self": "false",
                            "ingress.2193683359.to_port": "22623",
                            "ingress.2552237210.cidr_blocks.#": "0",
                            "ingress.2552237210.description": "",
                            "ingress.2552237210.from_port": "10250",
                            "ingress.2552237210.ipv6_cidr_blocks.#": "0",
                            "ingress.2552237210.prefix_list_ids.#": "0",
                            "ingress.2552237210.protocol": "tcp",
                            "ingress.2552237210.security_groups.#": "1",
                            "ingress.2552237210.security_groups.3502731623": "sg-0a26f3742a31694d6",
                            "ingress.2552237210.self": "true",
                            "ingress.2552237210.to_port": "10250",
                            "ingress.267302002.cidr_blocks.#": "1",
                            "ingress.267302002.cidr_blocks.0": "10.0.0.0/16",
                            "ingress.267302002.description": "",
                            "ingress.267302002.from_port": "-1",
                            "ingress.267302002.ipv6_cidr_blocks.#": "0",
                            "ingress.267302002.prefix_list_ids.#": "0",
                            "ingress.267302002.protocol": "icmp",
                            "ingress.267302002.security_groups.#": "0",
                            "ingress.267302002.self": "false",
                            "ingress.267302002.to_port": "-1",
                            "ingress.2883779606.cidr_blocks.#": "0",
                            "ingress.2883779606.description": "",
                            "ingress.2883779606.from_port": "30000",
                            "ingress.2883779606.ipv6_cidr_blocks.#": "0",
                            "ingress.2883779606.prefix_list_ids.#": "0",
                            "ingress.2883779606.protocol": "udp",
                            "ingress.2883779606.security_groups.#": "0",
                            "ingress.2883779606.self": "true",
                            "ingress.2883779606.to_port": "32767",
                            "ingress.2953263632.cidr_blocks.#": "0",
                            "ingress.2953263632.description": "",
                            "ingress.2953263632.from_port": "10259",
                            "ingress.2953263632.ipv6_cidr_blocks.#": "0",
                            "ingress.2953263632.prefix_list_ids.#": "0",
                            "ingress.2953263632.protocol": "tcp",
                            "ingress.2953263632.security_groups.#": "1",
                            "ingress.2953263632.security_groups.3502731623": "sg-0a26f3742a31694d6",
                            "ingress.2953263632.self": "true",
                            "ingress.2953263632.to_port": "10259",
                            "ingress.3059540300.cidr_blocks.#": "0",
                            "ingress.3059540300.description": "",
                            "ingress.3059540300.from_port": "30000",
                            "ingress.3059540300.ipv6_cidr_blocks.#": "0",
                            "ingress.3059540300.prefix_list_ids.#": "0",
                            "ingress.3059540300.protocol": "tcp",
                            "ingress.3059540300.security_groups.#": "0",
                            "ingress.3059540300.self": "true",
                            "ingress.3059540300.to_port": "32767",
                            "ingress.345084961.cidr_blocks.#": "0",
                            "ingress.345084961.description": "",
                            "ingress.345084961.from_port": "9000",
                            "ingress.345084961.ipv6_cidr_blocks.#": "0",
                            "ingress.345084961.prefix_list_ids.#": "0",
                            "ingress.345084961.protocol": "udp",
                            "ingress.345084961.security_groups.#": "1",
                            "ingress.345084961.security_groups.3502731623": "sg-0a26f3742a31694d6",
                            "ingress.345084961.self": "true",
                            "ingress.345084961.to_port": "9999",
                            "ingress.3667361428.cidr_blocks.#": "0",
                            "ingress.3667361428.description": "",
                            "ingress.3667361428.from_port": "9000",
                            "ingress.3667361428.ipv6_cidr_blocks.#": "0",
                            "ingress.3667361428.prefix_list_ids.#": "0",
                            "ingress.3667361428.protocol": "tcp",
                            "ingress.3667361428.security_groups.#": "1",
                            "ingress.3667361428.security_groups.3502731623": "sg-0a26f3742a31694d6",
                            "ingress.3667361428.self": "true",
                            "ingress.3667361428.to_port": "9999",
                            "ingress.921559843.cidr_blocks.#": "0",
                            "ingress.921559843.description": "",
                            "ingress.921559843.from_port": "10257",
                            "ingress.921559843.ipv6_cidr_blocks.#": "0",
                            "ingress.921559843.prefix_list_ids.#": "0",
                            "ingress.921559843.protocol": "tcp",
                            "ingress.921559843.security_groups.#": "1",
                            "ingress.921559843.security_groups.3502731623": "sg-0a26f3742a31694d6",
                            "ingress.921559843.self": "true",
                            "ingress.921559843.to_port": "10257",
                            "ingress.931551850.cidr_blocks.#": "1",
                            "ingress.931551850.cidr_blocks.0": "10.0.0.0/16",
                            "ingress.931551850.description": "",
                            "ingress.931551850.from_port": "22",
                            "ingress.931551850.ipv6_cidr_blocks.#": "0",
                            "ingress.931551850.prefix_list_ids.#": "0",
                            "ingress.931551850.protocol": "tcp",
                            "ingress.931551850.security_groups.#": "0",
                            "ingress.931551850.self": "false",
                            "ingress.931551850.to_port": "22",
                            "name": "terraform-20190910111339472600000002",
                            "owner_id": "690566824149",
                            "revoke_rules_on_delete": "false",
                            "tags.%": "2",
                            "tags.Name": "ipi-cluster-f9z8z-master-sg",
                            "tags.kubernetes.io/cluster/ipi-cluster-f9z8z": "owned",
                            "vpc_id": "vpc-0e695d44212020915"
                        },
                        "meta": {
                            "e2bfb730-ecaa-11e6-8f88-34363bc7c4c0": {
                                "create": 1200000000000,
                                "delete": 600000000000
                            },
                            "schema_version": "1"
                        },
                        "tainted": false
                    },
                    "deposed": [],
                    "provider": "provider.aws"
                },
                "aws_security_group.worker": {
                    "type": "aws_security_group",
                    "depends_on": [
                        "data.aws_vpc.cluster_vpc"
                    ],
                    "primary": {
                        "id": "sg-0a26f3742a31694d6",
                        "attributes": {
                            "arn": "arn:aws:ec2:eu-west-2:690566824149:security-group/sg-0a26f3742a31694d6",
                            "description": "Managed by Terraform",
                            "egress.#": "0",
                            "id": "sg-0a26f3742a31694d6",
                            "ingress.#": "0",
                            "name": "terraform-20190910111339472800000003",
                            "owner_id": "690566824149",
                            "revoke_rules_on_delete": "false",
                            "tags.%": "2",
                            "tags.Name": "ipi-cluster-f9z8z-worker-sg",
                            "tags.kubernetes.io/cluster/ipi-cluster-f9z8z": "owned",
                            "vpc_id": "vpc-0e695d44212020915"
                        },
                        "meta": {
                            "e2bfb730-ecaa-11e6-8f88-34363bc7c4c0": {
                                "create": 1200000000000,
                                "delete": 600000000000
                            },
                            "schema_version": "1"
                        },
                        "tainted": false
                    },
                    "deposed": [],
                    "provider": "provider.aws"
                },
                "aws_security_group_rule.master_egress": {
                    "type": "aws_security_group_rule",
                    "depends_on": [
                        "aws_security_group.master"
                    ],
                    "primary": {
                        "id": "sgrule-1673369709",
                        "attributes": {
                            "cidr_blocks.#": "1",
                            "cidr_blocks.0": "0.0.0.0/0",
                            "from_port": "0",
                            "id": "sgrule-1673369709",
                            "protocol": "-1",
                            "security_group_id": "sg-051ab4ca4fc84bf16",
                            "self": "false",
                            "to_port": "0",
                            "type": "egress"
                        },
                        "meta": {
                            "schema_version": "2"
                        },
                        "tainted": false
                    },
                    "deposed": [],
                    "provider": "provider.aws"
                },
                "aws_security_group_rule.master_ingress_etcd": {
                    "type": "aws_security_group_rule",
                    "depends_on": [
                        "aws_security_group.master"
                    ],
                    "primary": {
                        "id": "sgrule-466320226",
                        "attributes": {
                            "from_port": "2379",
                            "id": "sgrule-466320226",
                            "protocol": "tcp",
                            "security_group_id": "sg-051ab4ca4fc84bf16",
                            "self": "true",
                            "to_port": "2380",
                            "type": "ingress"
                        },
                        "meta": {
                            "schema_version": "2"
                        },
                        "tainted": false
                    },
                    "deposed": [],
                    "provider": "provider.aws"
                },
                "aws_security_group_rule.master_ingress_https": {
                    "type": "aws_security_group_rule",
                    "depends_on": [
                        "aws_security_group.master",
                        "data.aws_vpc.cluster_vpc"
                    ],
                    "primary": {
                        "id": "sgrule-553387641",
                        "attributes": {
                            "cidr_blocks.#": "1",
                            "cidr_blocks.0": "10.0.0.0/16",
                            "from_port": "6443",
                            "id": "sgrule-553387641",
                            "protocol": "tcp",
                            "security_group_id": "sg-051ab4ca4fc84bf16",
                            "self": "false",
                            "to_port": "6443",
                            "type": "ingress"
                        },
                        "meta": {
                            "schema_version": "2"
                        },
                        "tainted": false
                    },
                    "deposed": [],
                    "provider": "provider.aws"
                },
                "aws_security_group_rule.master_ingress_icmp": {
                    "type": "aws_security_group_rule",
                    "depends_on": [
                        "aws_security_group.master",
                        "data.aws_vpc.cluster_vpc"
                    ],
                    "primary": {
                        "id": "sgrule-4113173064",
                        "attributes": {
                            "cidr_blocks.#": "1",
                            "cidr_blocks.0": "10.0.0.0/16",
                            "from_port": "-1",
                            "id": "sgrule-4113173064",
                            "protocol": "icmp",
                            "security_group_id": "sg-051ab4ca4fc84bf16",
                            "self": "false",
                            "to_port": "-1",
                            "type": "ingress"
                        },
                        "meta": {
                            "schema_version": "2"
                        },
                        "tainted": false
                    },
                    "deposed": [],
                    "provider": "provider.aws"
                },
                "aws_security_group_rule.master_ingress_internal": {
                    "type": "aws_security_group_rule",
                    "depends_on": [
                        "aws_security_group.master"
                    ],
                    "primary": {
                        "id": "sgrule-3942075898",
                        "attributes": {
                            "from_port": "9000",
                            "id": "sgrule-3942075898",
                            "protocol": "tcp",
                            "security_group_id": "sg-051ab4ca4fc84bf16",
                            "self": "true",
                            "to_port": "9999",
                            "type": "ingress"
                        },
                        "meta": {
                            "schema_version": "2"
                        },
                        "tainted": false
                    },
                    "deposed": [],
                    "provider": "provider.aws"
                },
                "aws_security_group_rule.master_ingress_internal_from_worker": {
                    "type": "aws_security_group_rule",
                    "depends_on": [
                        "aws_security_group.master",
                        "aws_security_group.worker"
                    ],
                    "primary": {
                        "id": "sgrule-3115541256",
                        "attributes": {
                            "from_port": "9000",
                            "id": "sgrule-3115541256",
                            "protocol": "tcp",
                            "security_group_id": "sg-051ab4ca4fc84bf16",
                            "self": "false",
                            "source_security_group_id": "sg-0a26f3742a31694d6",
                            "to_port": "9999",
                            "type": "ingress"
                        },
                        "meta": {
                            "schema_version": "2"
                        },
                        "tainted": false
                    },
                    "deposed": [],
                    "provider": "provider.aws"
                },
                "aws_security_group_rule.master_ingress_internal_from_worker_udp": {
                    "type": "aws_security_group_rule",
                    "depends_on": [
                        "aws_security_group.master",
                        "aws_security_group.worker"
                    ],
                    "primary": {
                        "id": "sgrule-502055143",
                        "attributes": {
                            "from_port": "9000",
                            "id": "sgrule-502055143",
                            "protocol": "udp",
                            "security_group_id": "sg-051ab4ca4fc84bf16",
                            "self": "false",
                            "source_security_group_id": "sg-0a26f3742a31694d6",
                            "to_port": "9999",
                            "type": "ingress"
                        },
                        "meta": {
                            "schema_version": "2"
                        },
                        "tainted": false
                    },
                    "deposed": [],
                    "provider": "provider.aws"
                },
                "aws_security_group_rule.master_ingress_internal_udp": {
                    "type": "aws_security_group_rule",
                    "depends_on": [
                        "aws_security_group.master"
                    ],
                    "primary": {
                        "id": "sgrule-1319693845",
                        "attributes": {
                            "from_port": "9000",
                            "id": "sgrule-1319693845",
                            "protocol": "udp",
                            "security_group_id": "sg-051ab4ca4fc84bf16",
                            "self": "true",
                            "to_port": "9999",
                            "type": "ingress"
                        },
                        "meta": {
                            "schema_version": "2"
                        },
                        "tainted": false
                    },
                    "deposed": [],
                    "provider": "provider.aws"
                },
                "aws_security_group_rule.master_ingress_kube_controller_manager": {
                    "type": "aws_security_group_rule",
                    "depends_on": [
                        "aws_security_group.master"
                    ],
                    "primary": {
                        "id": "sgrule-1874928525",
                        "attributes": {
                            "from_port": "10257",
                            "id": "sgrule-1874928525",
                            "protocol": "tcp",
                            "security_group_id": "sg-051ab4ca4fc84bf16",
                            "self": "true",
                            "to_port": "10257",
                            "type": "ingress"
                        },
                        "meta": {
                            "schema_version": "2"
                        },
                        "tainted": false
                    },
                    "deposed": [],
                    "provider": "provider.aws"
                },
                "aws_security_group_rule.master_ingress_kube_controller_manager_from_worker": {
                    "type": "aws_security_group_rule",
                    "depends_on": [
                        "aws_security_group.master",
                        "aws_security_group.worker"
                    ],
                    "primary": {
                        "id": "sgrule-1015352703",
                        "attributes": {
                            "from_port": "10257",
                            "id": "sgrule-1015352703",
                            "protocol": "tcp",
                            "security_group_id": "sg-051ab4ca4fc84bf16",
                            "self": "false",
                            "source_security_group_id": "sg-0a26f3742a31694d6",
                            "to_port": "10257",
                            "type": "ingress"
                        },
                        "meta": {
                            "schema_version": "2"
                        },
                        "tainted": false
                    },
                    "deposed": [],
                    "provider": "provider.aws"
                },
                "aws_security_group_rule.master_ingress_kube_scheduler": {
                    "type": "aws_security_group_rule",
                    "depends_on": [
                        "aws_security_group.master"
                    ],
                    "primary": {
                        "id": "sgrule-2941077262",
                        "attributes": {
                            "from_port": "10259",
                            "id": "sgrule-2941077262",
                            "protocol": "tcp",
                            "security_group_id": "sg-051ab4ca4fc84bf16",
                            "self": "true",
                            "to_port": "10259",
                            "type": "ingress"
                        },
                        "meta": {
                            "schema_version": "2"
                        },
                        "tainted": false
                    },
                    "deposed": [],
                    "provider": "provider.aws"
                },
                "aws_security_group_rule.master_ingress_kube_scheduler_from_worker": {
                    "type": "aws_security_group_rule",
                    "depends_on": [
                        "aws_security_group.master",
                        "aws_security_group.worker"
                    ],
                    "primary": {
                        "id": "sgrule-4228475388",
                        "attributes": {
                            "from_port": "10259",
                            "id": "sgrule-4228475388",
                            "protocol": "tcp",
                            "security_group_id": "sg-051ab4ca4fc84bf16",
                            "self": "false",
                            "source_security_group_id": "sg-0a26f3742a31694d6",
                            "to_port": "10259",
                            "type": "ingress"
                        },
                        "meta": {
                            "schema_version": "2"
                        },
                        "tainted": false
                    },
                    "deposed": [],
                    "provider": "provider.aws"
                },
                "aws_security_group_rule.master_ingress_kubelet_secure": {
                    "type": "aws_security_group_rule",
                    "depends_on": [
                        "aws_security_group.master"
                    ],
                    "primary": {
                        "id": "sgrule-3795817196",
                        "attributes": {
                            "from_port": "10250",
                            "id": "sgrule-3795817196",
                            "protocol": "tcp",
                            "security_group_id": "sg-051ab4ca4fc84bf16",
                            "self": "true",
                            "to_port": "10250",
                            "type": "ingress"
                        },
                        "meta": {
                            "schema_version": "2"
                        },
                        "tainted": false
                    },
                    "deposed": [],
                    "provider": "provider.aws"
                },
                "aws_security_group_rule.master_ingress_kubelet_secure_from_worker": {
                    "type": "aws_security_group_rule",
                    "depends_on": [
                        "aws_security_group.master",
                        "aws_security_group.worker"
                    ],
                    "primary": {
                        "id": "sgrule-2977676318",
                        "attributes": {
                            "from_port": "10250",
                            "id": "sgrule-2977676318",
                            "protocol": "tcp",
                            "security_group_id": "sg-051ab4ca4fc84bf16",
                            "self": "false",
                            "source_security_group_id": "sg-0a26f3742a31694d6",
                            "to_port": "10250",
                            "type": "ingress"
                        },
                        "meta": {
                            "schema_version": "2"
                        },
                        "tainted": false
                    },
                    "deposed": [],
                    "provider": "provider.aws"
                },
                "aws_security_group_rule.master_ingress_services_tcp": {
                    "type": "aws_security_group_rule",
                    "depends_on": [
                        "aws_security_group.master"
                    ],
                    "primary": {
                        "id": "sgrule-30594917",
                        "attributes": {
                            "from_port": "30000",
                            "id": "sgrule-30594917",
                            "protocol": "tcp",
                            "security_group_id": "sg-051ab4ca4fc84bf16",
                            "self": "true",
                            "to_port": "32767",
                            "type": "ingress"
                        },
                        "meta": {
                            "schema_version": "2"
                        },
                        "tainted": false
                    },
                    "deposed": [],
                    "provider": "provider.aws"
                },
                "aws_security_group_rule.master_ingress_services_udp": {
                    "type": "aws_security_group_rule",
                    "depends_on": [
                        "aws_security_group.master"
                    ],
                    "primary": {
                        "id": "sgrule-2777511050",
                        "attributes": {
                            "from_port": "30000",
                            "id": "sgrule-2777511050",
                            "protocol": "udp",
                            "security_group_id": "sg-051ab4ca4fc84bf16",
                            "self": "true",
                            "to_port": "32767",
                            "type": "ingress"
                        },
                        "meta": {
                            "schema_version": "2"
                        },
                        "tainted": false
                    },
                    "deposed": [],
                    "provider": "provider.aws"
                },
                "aws_security_group_rule.master_ingress_ssh": {
                    "type": "aws_security_group_rule",
                    "depends_on": [
                        "aws_security_group.master",
                        "data.aws_vpc.cluster_vpc"
                    ],
                    "primary": {
                        "id": "sgrule-1278362798",
                        "attributes": {
                            "cidr_blocks.#": "1",
                            "cidr_blocks.0": "10.0.0.0/16",
                            "from_port": "22",
                            "id": "sgrule-1278362798",
                            "protocol": "tcp",
                            "security_group_id": "sg-051ab4ca4fc84bf16",
                            "self": "false",
                            "to_port": "22",
                            "type": "ingress"
                        },
                        "meta": {
                            "schema_version": "2"
                        },
                        "tainted": false
                    },
                    "deposed": [],
                    "provider": "provider.aws"
                },
                "aws_security_group_rule.master_ingress_vxlan": {
                    "type": "aws_security_group_rule",
                    "depends_on": [
                        "aws_security_group.master"
                    ],
                    "primary": {
                        "id": "sgrule-2661848468",
                        "attributes": {
                            "from_port": "4789",
                            "id": "sgrule-2661848468",
                            "protocol": "udp",
                            "security_group_id": "sg-051ab4ca4fc84bf16",
                            "self": "true",
                            "to_port": "4789",
                            "type": "ingress"
                        },
                        "meta": {
                            "schema_version": "2"
                        },
                        "tainted": false
                    },
                    "deposed": [],
                    "provider": "provider.aws"
                },
                "aws_security_group_rule.master_ingress_vxlan_from_worker": {
                    "type": "aws_security_group_rule",
                    "depends_on": [
                        "aws_security_group.master",
                        "aws_security_group.worker"
                    ],
                    "primary": {
                        "id": "sgrule-3454843750",
                        "attributes": {
                            "from_port": "4789",
                            "id": "sgrule-3454843750",
                            "protocol": "udp",
                            "security_group_id": "sg-051ab4ca4fc84bf16",
                            "self": "false",
                            "source_security_group_id": "sg-0a26f3742a31694d6",
                            "to_port": "4789",
                            "type": "ingress"
                        },
                        "meta": {
                            "schema_version": "2"
                        },
                        "tainted": false
                    },
                    "deposed": [],
                    "provider": "provider.aws"
                },
                "aws_security_group_rule.master_mcs": {
                    "type": "aws_security_group_rule",
                    "depends_on": [
                        "aws_security_group.master",
                        "data.aws_vpc.cluster_vpc"
                    ],
                    "primary": {
                        "id": "sgrule-3388523225",
                        "attributes": {
                            "cidr_blocks.#": "1",
                            "cidr_blocks.0": "10.0.0.0/16",
                            "from_port": "22623",
                            "id": "sgrule-3388523225",
                            "protocol": "tcp",
                            "security_group_id": "sg-051ab4ca4fc84bf16",
                            "self": "false",
                            "to_port": "22623",
                            "type": "ingress"
                        },
                        "meta": {
                            "schema_version": "2"
                        },
                        "tainted": false
                    },
                    "deposed": [],
                    "provider": "provider.aws"
                },
                "aws_security_group_rule.worker_egress": {
                    "type": "aws_security_group_rule",
                    "depends_on": [
                        "aws_security_group.worker"
                    ],
                    "primary": {
                        "id": "sgrule-2120381422",
                        "attributes": {
                            "cidr_blocks.#": "1",
                            "cidr_blocks.0": "0.0.0.0/0",
                            "from_port": "0",
                            "id": "sgrule-2120381422",
                            "protocol": "-1",
                            "security_group_id": "sg-0a26f3742a31694d6",
                            "self": "false",
                            "to_port": "0",
                            "type": "egress"
                        },
                        "meta": {
                            "schema_version": "2"
                        },
                        "tainted": false
                    },
                    "deposed": [],
                    "provider": "provider.aws"
                },
                "aws_security_group_rule.worker_ingress_icmp": {
                    "type": "aws_security_group_rule",
                    "depends_on": [
                        "aws_security_group.worker",
                        "data.aws_vpc.cluster_vpc"
                    ],
                    "primary": {
                        "id": "sgrule-2074810402",
                        "attributes": {
                            "cidr_blocks.#": "1",
                            "cidr_blocks.0": "10.0.0.0/16",
                            "from_port": "-1",
                            "id": "sgrule-2074810402",
                            "protocol": "icmp",
                            "security_group_id": "sg-0a26f3742a31694d6",
                            "self": "false",
                            "to_port": "-1",
                            "type": "ingress"
                        },
                        "meta": {
                            "schema_version": "2"
                        },
                        "tainted": false
                    },
                    "deposed": [],
                    "provider": "provider.aws"
                },
                "aws_security_group_rule.worker_ingress_internal": {
                    "type": "aws_security_group_rule",
                    "depends_on": [
                        "aws_security_group.worker"
                    ],
                    "primary": {
                        "id": "sgrule-3305688623",
                        "attributes": {
                            "from_port": "9000",
                            "id": "sgrule-3305688623",
                            "protocol": "tcp",
                            "security_group_id": "sg-0a26f3742a31694d6",
                            "self": "true",
                            "to_port": "9999",
                            "type": "ingress"
                        },
                        "meta": {
                            "schema_version": "2"
                        },
                        "tainted": false
                    },
                    "deposed": [],
                    "provider": "provider.aws"
                },
                "aws_security_group_rule.worker_ingress_internal_from_master": {
                    "type": "aws_security_group_rule",
                    "depends_on": [
                        "aws_security_group.master",
                        "aws_security_group.worker"
                    ],
                    "primary": {
                        "id": "sgrule-2521620701",
                        "attributes": {
                            "from_port": "9000",
                            "id": "sgrule-2521620701",
                            "protocol": "tcp",
                            "security_group_id": "sg-0a26f3742a31694d6",
                            "self": "false",
                            "source_security_group_id": "sg-051ab4ca4fc84bf16",
                            "to_port": "9999",
                            "type": "ingress"
                        },
                        "meta": {
                            "schema_version": "2"
                        },
                        "tainted": false
                    },
                    "deposed": [],
                    "provider": "provider.aws"
                },
                "aws_security_group_rule.worker_ingress_internal_from_master_udp": {
                    "type": "aws_security_group_rule",
                    "depends_on": [
                        "aws_security_group.master",
                        "aws_security_group.worker"
                    ],
                    "primary": {
                        "id": "sgrule-840123186",
                        "attributes": {
                            "from_port": "9000",
                            "id": "sgrule-840123186",
                            "protocol": "udp",
                            "security_group_id": "sg-0a26f3742a31694d6",
                            "self": "false",
                            "source_security_group_id": "sg-051ab4ca4fc84bf16",
                            "to_port": "9999",
                            "type": "ingress"
                        },
                        "meta": {
                            "schema_version": "2"
                        },
                        "tainted": false
                    },
                    "deposed": [],
                    "provider": "provider.aws"
                },
                "aws_security_group_rule.worker_ingress_internal_udp": {
                    "type": "aws_security_group_rule",
                    "depends_on": [
                        "aws_security_group.worker"
                    ],
                    "primary": {
                        "id": "sgrule-1633119680",
                        "attributes": {
                            "from_port": "9000",
                            "id": "sgrule-1633119680",
                            "protocol": "udp",
                            "security_group_id": "sg-0a26f3742a31694d6",
                            "self": "true",
                            "to_port": "9999",
                            "type": "ingress"
                        },
                        "meta": {
                            "schema_version": "2"
                        },
                        "tainted": false
                    },
                    "deposed": [],
                    "provider": "provider.aws"
                },
                "aws_security_group_rule.worker_ingress_kubelet_insecure": {
                    "type": "aws_security_group_rule",
                    "depends_on": [
                        "aws_security_group.worker"
                    ],
                    "primary": {
                        "id": "sgrule-3285822869",
                        "attributes": {
                            "from_port": "10250",
                            "id": "sgrule-3285822869",
                            "protocol": "tcp",
                            "security_group_id": "sg-0a26f3742a31694d6",
                            "self": "true",
                            "to_port": "10250",
                            "type": "ingress"
                        },
                        "meta": {
                            "schema_version": "2"
                        },
                        "tainted": false
                    },
                    "deposed": [],
                    "provider": "provider.aws"
                },
                "aws_security_group_rule.worker_ingress_kubelet_insecure_from_master": {
                    "type": "aws_security_group_rule",
                    "depends_on": [
                        "aws_security_group.master",
                        "aws_security_group.worker"
                    ],
                    "primary": {
                        "id": "sgrule-2426241895",
                        "attributes": {
                            "from_port": "10250",
                            "id": "sgrule-2426241895",
                            "protocol": "tcp",
                            "security_group_id": "sg-0a26f3742a31694d6",
                            "self": "false",
                            "source_security_group_id": "sg-051ab4ca4fc84bf16",
                            "to_port": "10250",
                            "type": "ingress"
                        },
                        "meta": {
                            "schema_version": "2"
                        },
                        "tainted": false
                    },
                    "deposed": [],
                    "provider": "provider.aws"
                },
                "aws_security_group_rule.worker_ingress_services_tcp": {
                    "type": "aws_security_group_rule",
                    "depends_on": [
                        "aws_security_group.worker"
                    ],
                    "primary": {
                        "id": "sgrule-540338204",
                        "attributes": {
                            "from_port": "30000",
                            "id": "sgrule-540338204",
                            "protocol": "tcp",
                            "security_group_id": "sg-0a26f3742a31694d6",
                            "self": "true",
                            "to_port": "32767",
                            "type": "ingress"
                        },
                        "meta": {
                            "schema_version": "2"
                        },
                        "tainted": false
                    },
                    "deposed": [],
                    "provider": "provider.aws"
                },
                "aws_security_group_rule.worker_ingress_services_udp": {
                    "type": "aws_security_group_rule",
                    "depends_on": [
                        "aws_security_group.worker"
                    ],
                    "primary": {
                        "id": "sgrule-2221624307",
                        "attributes": {
                            "from_port": "30000",
                            "id": "sgrule-2221624307",
                            "protocol": "udp",
                            "security_group_id": "sg-0a26f3742a31694d6",
                            "self": "true",
                            "to_port": "32767",
                            "type": "ingress"
                        },
                        "meta": {
                            "schema_version": "2"
                        },
                        "tainted": false
                    },
                    "deposed": [],
                    "provider": "provider.aws"
                },
                "aws_security_group_rule.worker_ingress_ssh": {
                    "type": "aws_security_group_rule",
                    "depends_on": [
                        "aws_security_group.worker",
                        "data.aws_vpc.cluster_vpc"
                    ],
                    "primary": {
                        "id": "sgrule-542601252",
                        "attributes": {
                            "cidr_blocks.#": "1",
                            "cidr_blocks.0": "10.0.0.0/16",
                            "from_port": "22",
                            "id": "sgrule-542601252",
                            "protocol": "tcp",
                            "security_group_id": "sg-0a26f3742a31694d6",
                            "self": "false",
                            "to_port": "22",
                            "type": "ingress"
                        },
                        "meta": {
                            "schema_version": "2"
                        },
                        "tainted": false
                    },
                    "deposed": [],
                    "provider": "provider.aws"
                },
                "aws_security_group_rule.worker_ingress_vxlan": {
                    "type": "aws_security_group_rule",
                    "depends_on": [
                        "aws_security_group.worker"
                    ],
                    "primary": {
                        "id": "sgrule-2975274561",
                        "attributes": {
                            "from_port": "4789",
                            "id": "sgrule-2975274561",
                            "protocol": "udp",
                            "security_group_id": "sg-0a26f3742a31694d6",
                            "self": "true",
                            "to_port": "4789",
                            "type": "ingress"
                        },
                        "meta": {
                            "schema_version": "2"
                        },
                        "tainted": false
                    },
                    "deposed": [],
                    "provider": "provider.aws"
                },
                "aws_security_group_rule.worker_ingress_vxlan_from_master": {
                    "type": "aws_security_group_rule",
                    "depends_on": [
                        "aws_security_group.master",
                        "aws_security_group.worker"
                    ],
                    "primary": {
                        "id": "sgrule-3792910515",
                        "attributes": {
                            "from_port": "4789",
                            "id": "sgrule-3792910515",
                            "protocol": "udp",
                            "security_group_id": "sg-0a26f3742a31694d6",
                            "self": "false",
                            "source_security_group_id": "sg-051ab4ca4fc84bf16",
                            "to_port": "4789",
                            "type": "ingress"
                        },
                        "meta": {
                            "schema_version": "2"
                        },
                        "tainted": false
                    },
                    "deposed": [],
                    "provider": "provider.aws"
                },
                "aws_subnet.private_subnet.0": {
                    "type": "aws_subnet",
                    "depends_on": [
                        "data.aws_vpc.cluster_vpc",
                        "local.new_az_count",
                        "local.new_private_cidr_range"
                    ],
                    "primary": {
                        "id": "subnet-08dad3e730884e30c",
                        "attributes": {
                            "arn": "arn:aws:ec2:eu-west-2:690566824149:subnet/subnet-08dad3e730884e30c",
                            "assign_ipv6_address_on_creation": "false",
                            "availability_zone": "eu-west-2a",
                            "availability_zone_id": "euw2-az2",
                            "cidr_block": "10.0.128.0/20",
                            "id": "subnet-08dad3e730884e30c",
                            "ipv6_cidr_block": "",
                            "ipv6_cidr_block_association_id": "",
                            "map_public_ip_on_launch": "false",
                            "owner_id": "690566824149",
                            "tags.%": "3",
                            "tags.Name": "ipi-cluster-f9z8z-private-eu-west-2a",
                            "tags.kubernetes.io/cluster/ipi-cluster-f9z8z": "owned",
                            "tags.kubernetes.io/role/internal-elb": "",
                            "vpc_id": "vpc-0e695d44212020915"
                        },
                        "meta": {
                            "e2bfb730-ecaa-11e6-8f88-34363bc7c4c0": {
                                "create": 600000000000,
                                "delete": 600000000000
                            },
                            "schema_version": "1"
                        },
                        "tainted": false
                    },
                    "deposed": [],
                    "provider": "provider.aws"
                },
                "aws_subnet.private_subnet.1": {
                    "type": "aws_subnet",
                    "depends_on": [
                        "data.aws_vpc.cluster_vpc",
                        "local.new_az_count",
                        "local.new_private_cidr_range"
                    ],
                    "primary": {
                        "id": "subnet-0023b375af9113587",
                        "attributes": {
                            "arn": "arn:aws:ec2:eu-west-2:690566824149:subnet/subnet-0023b375af9113587",
                            "assign_ipv6_address_on_creation": "false",
                            "availability_zone": "eu-west-2b",
                            "availability_zone_id": "euw2-az3",
                            "cidr_block": "10.0.144.0/20",
                            "id": "subnet-0023b375af9113587",
                            "ipv6_cidr_block": "",
                            "ipv6_cidr_block_association_id": "",
                            "map_public_ip_on_launch": "false",
                            "owner_id": "690566824149",
                            "tags.%": "3",
                            "tags.Name": "ipi-cluster-f9z8z-private-eu-west-2b",
                            "tags.kubernetes.io/cluster/ipi-cluster-f9z8z": "owned",
                            "tags.kubernetes.io/role/internal-elb": "",
                            "vpc_id": "vpc-0e695d44212020915"
                        },
                        "meta": {
                            "e2bfb730-ecaa-11e6-8f88-34363bc7c4c0": {
                                "create": 600000000000,
                                "delete": 600000000000
                            },
                            "schema_version": "1"
                        },
                        "tainted": false
                    },
                    "deposed": [],
                    "provider": "provider.aws"
                },
                "aws_subnet.private_subnet.2": {
                    "type": "aws_subnet",
                    "depends_on": [
                        "data.aws_vpc.cluster_vpc",
                        "local.new_az_count",
                        "local.new_private_cidr_range"
                    ],
                    "primary": {
                        "id": "subnet-08e2c2cc57a34e8da",
                        "attributes": {
                            "arn": "arn:aws:ec2:eu-west-2:690566824149:subnet/subnet-08e2c2cc57a34e8da",
                            "assign_ipv6_address_on_creation": "false",
                            "availability_zone": "eu-west-2c",
                            "availability_zone_id": "euw2-az1",
                            "cidr_block": "10.0.160.0/20",
                            "id": "subnet-08e2c2cc57a34e8da",
                            "ipv6_cidr_block": "",
                            "ipv6_cidr_block_association_id": "",
                            "map_public_ip_on_launch": "false",
                            "owner_id": "690566824149",
                            "tags.%": "3",
                            "tags.Name": "ipi-cluster-f9z8z-private-eu-west-2c",
                            "tags.kubernetes.io/cluster/ipi-cluster-f9z8z": "owned",
                            "tags.kubernetes.io/role/internal-elb": "",
                            "vpc_id": "vpc-0e695d44212020915"
                        },
                        "meta": {
                            "e2bfb730-ecaa-11e6-8f88-34363bc7c4c0": {
                                "create": 600000000000,
                                "delete": 600000000000
                            },
                            "schema_version": "1"
                        },
                        "tainted": false
                    },
                    "deposed": [],
                    "provider": "provider.aws"
                },
                "aws_subnet.public_subnet.0": {
                    "type": "aws_subnet",
                    "depends_on": [
                        "data.aws_vpc.cluster_vpc",
                        "local.new_az_count",
                        "local.new_public_cidr_range"
                    ],
                    "primary": {
                        "id": "subnet-0ee16a80b4f8adbe5",
                        "attributes": {
                            "arn": "arn:aws:ec2:eu-west-2:690566824149:subnet/subnet-0ee16a80b4f8adbe5",
                            "assign_ipv6_address_on_creation": "false",
                            "availability_zone": "eu-west-2a",
                            "availability_zone_id": "euw2-az2",
                            "cidr_block": "10.0.0.0/20",
                            "id": "subnet-0ee16a80b4f8adbe5",
                            "ipv6_cidr_block": "",
                            "ipv6_cidr_block_association_id": "",
                            "map_public_ip_on_launch": "false",
                            "owner_id": "690566824149",
                            "tags.%": "2",
                            "tags.Name": "ipi-cluster-f9z8z-public-eu-west-2a",
                            "tags.kubernetes.io/cluster/ipi-cluster-f9z8z": "owned",
                            "vpc_id": "vpc-0e695d44212020915"
                        },
                        "meta": {
                            "e2bfb730-ecaa-11e6-8f88-34363bc7c4c0": {
                                "create": 600000000000,
                                "delete": 600000000000
                            },
                            "schema_version": "1"
                        },
                        "tainted": false
                    },
                    "deposed": [],
                    "provider": "provider.aws"
                },
                "aws_subnet.public_subnet.1": {
                    "type": "aws_subnet",
                    "depends_on": [
                        "data.aws_vpc.cluster_vpc",
                        "local.new_az_count",
                        "local.new_public_cidr_range"
                    ],
                    "primary": {
                        "id": "subnet-0e32703effe268e71",
                        "attributes": {
                            "arn": "arn:aws:ec2:eu-west-2:690566824149:subnet/subnet-0e32703effe268e71",
                            "assign_ipv6_address_on_creation": "false",
                            "availability_zone": "eu-west-2b",
                            "availability_zone_id": "euw2-az3",
                            "cidr_block": "10.0.16.0/20",
                            "id": "subnet-0e32703effe268e71",
                            "ipv6_cidr_block": "",
                            "ipv6_cidr_block_association_id": "",
                            "map_public_ip_on_launch": "false",
                            "owner_id": "690566824149",
                            "tags.%": "2",
                            "tags.Name": "ipi-cluster-f9z8z-public-eu-west-2b",
                            "tags.kubernetes.io/cluster/ipi-cluster-f9z8z": "owned",
                            "vpc_id": "vpc-0e695d44212020915"
                        },
                        "meta": {
                            "e2bfb730-ecaa-11e6-8f88-34363bc7c4c0": {
                                "create": 600000000000,
                                "delete": 600000000000
                            },
                            "schema_version": "1"
                        },
                        "tainted": false
                    },
                    "deposed": [],
                    "provider": "provider.aws"
                },
                "aws_subnet.public_subnet.2": {
                    "type": "aws_subnet",
                    "depends_on": [
                        "data.aws_vpc.cluster_vpc",
                        "local.new_az_count",
                        "local.new_public_cidr_range"
                    ],
                    "primary": {
                        "id": "subnet-094b87687723a9aeb",
                        "attributes": {
                            "arn": "arn:aws:ec2:eu-west-2:690566824149:subnet/subnet-094b87687723a9aeb",
                            "assign_ipv6_address_on_creation": "false",
                            "availability_zone": "eu-west-2c",
                            "availability_zone_id": "euw2-az1",
                            "cidr_block": "10.0.32.0/20",
                            "id": "subnet-094b87687723a9aeb",
                            "ipv6_cidr_block": "",
                            "ipv6_cidr_block_association_id": "",
                            "map_public_ip_on_launch": "false",
                            "owner_id": "690566824149",
                            "tags.%": "2",
                            "tags.Name": "ipi-cluster-f9z8z-public-eu-west-2c",
                            "tags.kubernetes.io/cluster/ipi-cluster-f9z8z": "owned",
                            "vpc_id": "vpc-0e695d44212020915"
                        },
                        "meta": {
                            "e2bfb730-ecaa-11e6-8f88-34363bc7c4c0": {
                                "create": 600000000000,
                                "delete": 600000000000
                            },
                            "schema_version": "1"
                        },
                        "tainted": false
                    },
                    "deposed": [],
                    "provider": "provider.aws"
                },
                "aws_vpc.new_vpc": {
                    "type": "aws_vpc",
                    "depends_on": [],
                    "primary": {
                        "id": "vpc-0e695d44212020915",
                        "attributes": {
                            "arn": "arn:aws:ec2:eu-west-2:690566824149:vpc/vpc-0e695d44212020915",
                            "assign_generated_ipv6_cidr_block": "false",
                            "cidr_block": "10.0.0.0/16",
                            "default_network_acl_id": "acl-07fcc636318e20342",
                            "default_route_table_id": "rtb-08d53d1ca46c7fe00",
                            "default_security_group_id": "sg-0c2318e14ddd2b49e",
                            "dhcp_options_id": "dopt-0561b48385639e626",
                            "enable_dns_hostnames": "true",
                            "enable_dns_support": "true",
                            "id": "vpc-0e695d44212020915",
                            "instance_tenancy": "default",
                            "ipv6_association_id": "",
                            "ipv6_cidr_block": "",
                            "main_route_table_id": "rtb-08d53d1ca46c7fe00",
                            "owner_id": "690566824149",
                            "tags.%": "2",
                            "tags.Name": "ipi-cluster-f9z8z-vpc",
                            "tags.kubernetes.io/cluster/ipi-cluster-f9z8z": "owned"
                        },
                        "meta": {
                            "schema_version": "1"
                        },
                        "tainted": false
                    },
                    "deposed": [],
                    "provider": "provider.aws"
                },
                "aws_vpc_dhcp_options.main": {
                    "type": "aws_vpc_dhcp_options",
                    "depends_on": [],
                    "primary": {
                        "id": "dopt-0561b48385639e626",
                        "attributes": {
                            "domain_name": "eu-west-2.compute.internal",
                            "domain_name_servers.#": "1",
                            "domain_name_servers.0": "AmazonProvidedDNS",
                            "id": "dopt-0561b48385639e626",
                            "owner_id": "690566824149",
                            "tags.%": "1",
                            "tags.kubernetes.io/cluster/ipi-cluster-f9z8z": "owned"
                        },
                        "meta": {},
                        "tainted": false
                    },
                    "deposed": [],
                    "provider": "provider.aws"
                },
                "aws_vpc_dhcp_options_association.main": {
                    "type": "aws_vpc_dhcp_options_association",
                    "depends_on": [
                        "aws_vpc.new_vpc",
                        "aws_vpc_dhcp_options.main"
                    ],
                    "primary": {
                        "id": "dopt-0561b48385639e626-vpc-0e695d44212020915",
                        "attributes": {
                            "dhcp_options_id": "dopt-0561b48385639e626",
                            "id": "dopt-0561b48385639e626-vpc-0e695d44212020915",
                            "vpc_id": "vpc-0e695d44212020915"
                        },
                        "meta": {},
                        "tainted": false
                    },
                    "deposed": [],
                    "provider": "provider.aws"
                },
                "aws_vpc_endpoint.s3": {
                    "type": "aws_vpc_endpoint",
                    "depends_on": [
                        "aws_route_table.default.*",
                        "aws_route_table.private_routes.*",
                        "aws_vpc.new_vpc"
                    ],
                    "primary": {
                        "id": "vpce-075e45762a3a0b303",
                        "attributes": {
                            "cidr_blocks.#": "3",
                            "cidr_blocks.0": "52.95.150.0/24",
                            "cidr_blocks.1": "52.92.88.0/22",
                            "cidr_blocks.2": "52.95.148.0/23",
                            "dns_entry.#": "0",
                            "id": "vpce-075e45762a3a0b303",
                            "network_interface_ids.#": "0",
                            "policy": "{\"Statement\":[{\"Action\":\"*\",\"Effect\":\"Allow\",\"Principal\":\"*\",\"Resource\":\"*\"}],\"Version\":\"2008-10-17\"}",
                            "prefix_list_id": "pl-7ca54015",
                            "private_dns_enabled": "false",
                            "route_table_ids.#": "4",
                            "route_table_ids.2241021594": "rtb-083c4788e84b6a67f",
                            "route_table_ids.2907339403": "rtb-00890e68a7f5e7f9c",
                            "route_table_ids.376014126": "rtb-08d53d1ca46c7fe00",
                            "route_table_ids.3872422083": "rtb-0c8eb171e43a965b9",
                            "security_group_ids.#": "0",
                            "service_name": "com.amazonaws.eu-west-2.s3",
                            "state": "available",
                            "subnet_ids.#": "0",
                            "vpc_endpoint_type": "Gateway",
                            "vpc_id": "vpc-0e695d44212020915"
                        },
                        "meta": {
                            "e2bfb730-ecaa-11e6-8f88-34363bc7c4c0": {
                                "create": 600000000000,
                                "delete": 600000000000,
                                "update": 600000000000
                            }
                        },
                        "tainted": false
                    },
                    "deposed": [],
                    "provider": "provider.aws"
                },
                "data.aws_vpc.cluster_vpc": {
                    "type": "aws_vpc",
                    "depends_on": [
                        "local.vpc_id"
                    ],
                    "primary": {
                        "id": "vpc-0e695d44212020915",
                        "attributes": {
                            "arn": "arn:aws:ec2:eu-west-2:690566824149:vpc/vpc-0e695d44212020915",
                            "cidr_block": "10.0.0.0/16",
                            "cidr_block_associations.#": "1",
                            "cidr_block_associations.0.association_id": "vpc-cidr-assoc-000a0122e3bb1cb2e",
                            "cidr_block_associations.0.cidr_block": "10.0.0.0/16",
                            "cidr_block_associations.0.state": "associated",
                            "default": "false",
                            "dhcp_options_id": "dopt-0561b48385639e626",
                            "enable_dns_hostnames": "true",
                            "enable_dns_support": "true",
                            "id": "vpc-0e695d44212020915",
                            "instance_tenancy": "default",
                            "main_route_table_id": "rtb-08d53d1ca46c7fe00",
                            "owner_id": "690566824149",
                            "state": "available",
                            "tags.%": "2",
                            "tags.Name": "ipi-cluster-f9z8z-vpc",
                            "tags.kubernetes.io/cluster/ipi-cluster-f9z8z": "owned"
                        },
                        "meta": {},
                        "tainted": false
                    },
                    "deposed": [],
                    "provider": "provider.aws"
                }
            },
            "depends_on": []
        }
    ]
}
